{"SurveyEntry":{"SurveyID":"SV_eeULxjJiThIUJbo","SurveyName":"world_04_breath","SurveyDescription":null,"SurveyOwnerID":"UR_bEHDij0VutioWln","SurveyBrandID":"universityofsussex","DivisionID":null,"SurveyLanguage":"EN","SurveyActiveResponseSet":"RS_dmKTDbIRKdtlmC2","SurveyStatus":"Active","SurveyStartDate":"0000-00-00 00:00:00","SurveyExpirationDate":"0000-00-00 00:00:00","SurveyCreationDate":"2021-11-24 11:06:00","CreatorID":"UR_bEHDij0VutioWln","LastModified":"2023-10-05 06:27:43","LastAccessed":"0000-00-00 00:00:00","LastActivated":"2021-11-24 11:49:07","Deleted":null},"SurveyElements":[{"SurveyID":"SV_eeULxjJiThIUJbo","Element":"BL","PrimaryAttribute":"Survey Blocks","SecondaryAttribute":null,"TertiaryAttribute":null,"Payload":{"1":{"Type":"Trash","Description":"Trash \/ Unused Questions","ID":"BL_8csU4SFQ0r0HTnv","BlockElements":[{"Type":"Question","QuestionID":"QID2"},{"Type":"Question","QuestionID":"QID1"},{"Type":"Question","QuestionID":"QID7"}]},"2":{"Type":"Standard","Description":"Daily survey","ID":"BL_1C9vGn4wzGxTJyd","BlockElements":[{"Type":"Question","QuestionID":"QID3"}]},"3":{"Type":"Standard","SubType":"","Description":"Practice","ID":"BL_08IizO9LiaXtRiZ","BlockElements":[{"Type":"Question","QuestionID":"QID5"},{"Type":"Question","QuestionID":"QID6"}]},"4":{"Type":"Standard","SubType":"","Description":"Activity","ID":"BL_1MuDgaiFLdLBJIN","BlockElements":[{"Type":"Question","QuestionID":"QID4"}]}}},{"SurveyID":"SV_eeULxjJiThIUJbo","Element":"FL","PrimaryAttribute":"Survey Flow","SecondaryAttribute":null,"TertiaryAttribute":null,"Payload":{"Type":"Root","FlowID":"FL_1","Flow":[{"Type":"Standard","ID":"BL_1MuDgaiFLdLBJIN","FlowID":"FL_5","Autofill":[]},{"Type":"Standard","ID":"BL_08IizO9LiaXtRiZ","FlowID":"FL_4","Autofill":[]},{"Type":"Standard","ID":"BL_1C9vGn4wzGxTJyd","FlowID":"FL_3","Autofill":[]},{"Type":"WebService","FlowID":"FL_6","URL":"http:\/\/users.sussex.ac.uk\/mel29\/exp_data\/webservice.php?email=${e:\/\/Field\/RecipientEmail}&survey=${e:\/\/Field\/SurveyID}&date=${date:\/\/CurrentDate\/SL}","Method":"POST","RequestParams":[],"EditBodyParams":[],"Body":[],"ContentType":"application\/x-www-form-urlencoded","Headers":[],"ResponseMap":[],"FireAndForget":false,"StringifyValues":true}],"Properties":{"Count":6,"RemovedFieldsets":[]}}},{"SurveyID":"SV_eeULxjJiThIUJbo","Element":"PL","PrimaryAttribute":"Preview Link","SecondaryAttribute":null,"TertiaryAttribute":null,"Payload":{"PreviewType":"Brand","PreviewID":"daa3265d-10e3-4e9b-a493-c5e3949096e2"}},{"SurveyID":"SV_eeULxjJiThIUJbo","Element":"RS","PrimaryAttribute":"RS_dmKTDbIRKdtlmC2","SecondaryAttribute":null,"TertiaryAttribute":null,"Payload":null},{"SurveyID":"SV_eeULxjJiThIUJbo","Element":"SO","PrimaryAttribute":"Survey Options","SecondaryAttribute":null,"TertiaryAttribute":null,"Payload":{"BackButton":"true","SaveAndContinue":"true","SurveyProtection":"PublicSurvey","BallotBoxStuffingPrevention":"true","NoIndex":"Yes","SecureResponseFiles":"true","SurveyExpiration":"None","SurveyTermination":"DefaultMessage","Header":"","Footer":"","ProgressBarDisplay":"None","PartialData":"+1 week","ValidationMessage":null,"PreviousButton":" \u2190 ","NextButton":" \u2192 ","SkinLibrary":"universityofsussex","SkinType":"templated","Skin":{"brandingId":null,"templateId":"*base","overrides":{"font":{"family":"arial, helvetica, sans-serif"}}},"NewScoring":1,"ProtectSelectionIds":true,"CustomStyles":[],"Autofocus":false,"Autoadvance":false,"AutoadvancePages":false,"QuestionsPerPage":"","PageTransition":"fade","SurveyTitle":"Online Survey Software | Qualtrics Survey Solutions","EOSMessage":null,"ShowExportTags":"false","CollectGeoLocation":"false","SurveyMetaDescription":"Qualtrics sophisticated online survey software solutions make creating online surveys easy. Learn more about Research Suite and get a free account today.","PasswordProtection":"No","AnonymizeResponse":"No","RefererCheck":"No","UseCustomSurveyLinkCompletedMessage":null,"SurveyLinkCompletedMessage":null,"SurveyLinkCompletedMessageLibrary":null,"ResponseSummary":"No","EOSMessageLibrary":null,"EOSRedirectURL":null,"EmailThankYou":"false","ThankYouEmailMessageLibrary":null,"ThankYouEmailMessage":null,"ValidateMessage":"false","ValidationMessageLibrary":null,"InactiveSurvey":"DefaultMessage","PartialDeletion":null,"PartialDataCloseAfter":"LastActivity","InactiveMessageLibrary":null,"InactiveMessage":null,"AvailableLanguages":{"EN":[]}}},{"SurveyID":"SV_eeULxjJiThIUJbo","Element":"TR","PrimaryAttribute":"TR_0NeGOykmecINYfb","SecondaryAttribute":null,"TertiaryAttribute":null,"Payload":{"TriggerAction":"AddToPanel","Type":"OnSurveyComplete","FirstName":"Null","LastName":"Null","Email":"Null","ExtRef":"","ExternalDataReference":"Null","Language":"Null","EmbeddedData":"","Panel":"","PanelData":{"FirstName":{"Data":{"LogicType":"Null","LeftOperand":"Null","Type":"Expression"}},"LastName":{"Data":{"LogicType":"Null","LeftOperand":"Null","Type":"Expression"}},"Email":{"Data":{"LogicType":"Null","LeftOperand":"Null","Type":"Expression"}},"ExternalDataReference":{"Data":{"LogicType":"Null","LeftOperand":"Null","Type":"Expression"}},"Language":{"Data":{"LogicType":"Null","LeftOperand":"Null","Type":"Expression"}},"Panel":{"Values":[null,null],"Descriptions":[0,"Please Select..."]}},"UpdatePanel":true,"Unsubscribe":false,"Deleted":true,"ID":"TR_0NeGOykmecINYfb"}},{"SurveyID":"SV_eeULxjJiThIUJbo","Element":"TR","PrimaryAttribute":"TR_0lHUFmiOOkuUtlH","SecondaryAttribute":null,"TertiaryAttribute":null,"Payload":{"TriggerAction":"EmailMessage","Type":"OnSurveyComplete","ToEmail":"mel29@sussex.ac.uk","FromName":"","FromEmail":"trigger@qemailserver.com","SendDate":"now","Subject":"Day 2 world","Message":"","IncludeReport":true,"UseFullText":false,"Deleted":true,"ID":"TR_0lHUFmiOOkuUtlH"}},{"SurveyID":"SV_eeULxjJiThIUJbo","Element":"SCO","PrimaryAttribute":"Scoring","SecondaryAttribute":null,"TertiaryAttribute":null,"Payload":{"ScoringCategories":[],"ScoringCategoryGroups":[],"ScoringSummaryCategory":null,"ScoringSummaryAfterQuestions":0,"ScoringSummaryAfterSurvey":0,"DefaultScoringCategory":null,"AutoScoringCategory":null}},{"SurveyID":"SV_eeULxjJiThIUJbo","Element":"PROJ","PrimaryAttribute":"CORE","SecondaryAttribute":null,"TertiaryAttribute":"1.1.0","Payload":{"ProjectCategory":"CORE","SchemaVersion":"1.1.0"}},{"SurveyID":"SV_eeULxjJiThIUJbo","Element":"STAT","PrimaryAttribute":"Survey Statistics","SecondaryAttribute":null,"TertiaryAttribute":null,"Payload":{"MobileCompatible":false,"ID":"Survey Statistics"}},{"SurveyID":"SV_eeULxjJiThIUJbo","Element":"QC","PrimaryAttribute":"Survey Question Count","SecondaryAttribute":"7","TertiaryAttribute":null,"Payload":null},{"SurveyID":"SV_eeULxjJiThIUJbo","Element":"SQ","PrimaryAttribute":"QID1","SecondaryAttribute":"Click to write the question text","TertiaryAttribute":null,"Payload":{"QuestionText":"Click to write the question text","DataExportTag":"Q1","QuestionType":"MC","Selector":"SAVR","SubSelector":"TX","Configuration":{"QuestionDescriptionOption":"UseText"},"QuestionDescription":"Click to write the question text","Choices":{"1":{"Display":"Click to write Choice 1"},"2":{"Display":"Click to write Choice 2"},"3":{"Display":"Click to write Choice 3"}},"ChoiceOrder":["1","2","3"],"Validation":{"Settings":{"ForceResponse":"OFF","ForceResponseType":"ON","Type":"None"}},"Language":[],"NextChoiceId":4,"NextAnswerId":1,"QuestionID":"QID1"}},{"SurveyID":"SV_eeULxjJiThIUJbo","Element":"SQ","PrimaryAttribute":"QID2","SecondaryAttribute":"Click to write the question text","TertiaryAttribute":null,"Payload":{"QuestionText":"Click to write the question text","DataExportTag":"Q1","QuestionType":"MC","Selector":"SAVR","SubSelector":"TX","Configuration":{"QuestionDescriptionOption":"UseText"},"QuestionDescription":"Click to write the question text","Choices":{"1":{"Display":"Click to write Choice 1"},"2":{"Display":"Click to write Choice 2"},"3":{"Display":"Click to write Choice 3"}},"ChoiceOrder":["1","2","3"],"Validation":{"Settings":{"ForceResponse":"OFF","ForceResponseType":"ON","Type":"None"}},"Language":[],"NextChoiceId":4,"NextAnswerId":1,"QuestionID":"QID2"}},{"SurveyID":"SV_eeULxjJiThIUJbo","Element":"SQ","PrimaryAttribute":"QID3","SecondaryAttribute":"During the ten minute session, what percentage of time were you focusing on the practice?","TertiaryAttribute":null,"Payload":{"QuestionText":"<p><span style=\"font-family: &quot;Times New Roman&quot;, serif; font-size: 16px;\">During the ten minute session, what percentage of time were you focusing on the practice?<\/span><\/p>","DefaultChoices":false,"QuestionType":"Slider","Selector":"HSLIDER","Configuration":{"QuestionDescriptionOption":"UseText","CSSliderMin":0,"CSSliderMax":100,"GridLines":10,"SnapToGrid":false,"NumDecimals":"0","ShowValue":true,"CustomStart":true,"NotApplicable":false,"MobileFirst":true,"SliderStartPositions":{"1":0}},"QuestionDescription":"During the ten minute session, what percentage of time were you focusing on the practice?","Choices":{"1":{"Display":"% time focused"}},"ChoiceOrder":[1],"Validation":{"Settings":{"ForceResponse":"ON","ForceResponseType":"ON","Type":"None"}},"GradingData":[],"Language":[],"NextChoiceId":2,"NextAnswerId":1,"Labels":[],"DataVisibility":{"Private":false,"Hidden":false},"QuestionText_Unsafe":"<p><span style=\"font-size: 12pt; font-family: &quot;Times New Roman&quot;, serif;\">What proportion of time out of\nthe ten minutes were you focusing on the space one inch out?<i><o:p><\/o:p><\/i><\/span><\/p>","DataExportTag":"Q1","QuestionID":"QID3"}},{"SurveyID":"SV_eeULxjJiThIUJbo","Element":"SQ","PrimaryAttribute":"QID4","SecondaryAttribute":"Firstly, after your last mindfulness practice, did you try being mindful during an activity (e.g....","TertiaryAttribute":null,"Payload":{"QuestionText":"<p><span style=\"font-size:12.0pt;font-family:&quot;Times New Roman&quot;,serif;mso-fareast-font-family:\n&quot;Times New Roman&quot;;mso-fareast-language:EN-GB\">Firstly, after your last mindfulness practice, did you try being mindful during an activity (e.g. chores or walking)?<\/span><\/p>","QuestionType":"MC","Selector":"SAVR","SubSelector":"TX","Configuration":{"QuestionDescriptionOption":"UseText"},"QuestionDescription":"Firstly, after your last mindfulness practice, did you try being mindful during an activity (e.g....","Choices":{"1":{"Display":"Yes"},"2":{"Display":"No"}},"ChoiceOrder":[1,2],"Validation":{"Settings":{"ForceResponse":"ON","ForceResponseType":"ON","Type":"None"}},"Language":[],"NextChoiceId":3,"NextAnswerId":1,"DataVisibility":{"Private":false,"Hidden":false},"QuestionText_Unsafe":"<p><span style=\"font-size:12.0pt;font-family:&quot;Times New Roman&quot;,serif;mso-fareast-font-family:\n&quot;Times New Roman&quot;;mso-fareast-language:EN-GB\">Did you try any of the daily\nactivities?<\/span><\/p>","DataExportTag":"Q2","QuestionID":"QID4"}},{"SurveyID":"SV_eeULxjJiThIUJbo","Element":"SQ","PrimaryAttribute":"QID6","SecondaryAttribute":"Our meditations are derived from an old Buddhist sequence from the original Suttas (scriptures),...","TertiaryAttribute":null,"Payload":{"QuestionText":"<span style=\"font-size:16px;\"><span style=\"font-family:Arial,Helvetica,sans-serif;\">Our meditations are derived from an old Buddhist sequence from the original Suttas (scriptures), and developed in a first century meditation manual, <i>The Path of Freedom<\/i>. The next meditation will partly involve being mindful of <b>fire<\/b>. You could light a candle to pay attention to before we start. Or when it comes to it, you could simply use the photo below. Now settle yourself in a place where you can sit for 10 minutes. Each sitting we will start with the breath before moving on to special topic of each day, today being fire.<\/span><\/span><br \/>\n<img height=\"596\" src=\"https:\/\/universityofsussex.eu.qualtrics.com\/CP\/Graphic.php?IM=IM_b1P0MF31AQy8GDs\" style=\"width: 400px; height: 596px;\" width=\"400\" \/><br \/>\n<span style=\"font-size:16px;\"><span style=\"font-family:Arial,Helvetica,sans-serif;\">The fourth mindfulness practice can be found here:&nbsp;<\/span><\/span>\n<audio class=\"qmedia\" controls=\"true\" height=\"40\" preload=\"auto\" width=\"320\"><source src=\"https:\/\/universityofsussex.eu.qualtrics.com\/CP\/File.php?F=F_o6IEtpCaA9KUaF7\" type=\"audio\/mp3\" \/><embed class=\"qmedia\" flashconsts=\"file=https:\/\/universityofsussex.eu.qualtrics.com\/CP\/File.php?F=F_o6IEtpCaA9KUaF7&amp;width=320&amp;height=20&amp;type=mp3&amp;autostart=false\" height=\"20\" pluginspage=\"http:\/\/adobe.com\/flashplayer\/\" src=\"\/WRQualtricsShared\/Flash\/flvplayer.swf\" type=\"application\/x-shockwave-flash\" width=\"320\" wmode=\"transparent\" \/><\/audio>","DefaultChoices":false,"DataExportTag":"Q8","QuestionType":"DB","Selector":"TB","DataVisibility":{"Private":false,"Hidden":false},"Configuration":{"QuestionDescriptionOption":"UseText"},"QuestionDescription":"Our meditations are derived from an old Buddhist sequence from the original Suttas (scriptures),...","ChoiceOrder":[],"Validation":{"Settings":{"Type":"None"}},"GradingData":[],"Language":[],"NextChoiceId":4,"NextAnswerId":1,"QuestionID":"QID6"}},{"SurveyID":"SV_eeULxjJiThIUJbo","Element":"SQ","PrimaryAttribute":"QID5","SecondaryAttribute":"Timing","TertiaryAttribute":null,"Payload":{"QuestionText":"Timing","DefaultChoices":false,"DataExportTag":"Q6","QuestionType":"Timing","Selector":"PageTimer","DataVisibility":{"Private":false,"Hidden":false},"Configuration":{"QuestionDescriptionOption":"UseText","MinSeconds":"0","MaxSeconds":"0"},"QuestionDescription":"Timing","Choices":{"1":{"Display":"First Click"},"2":{"Display":"Last Click"},"3":{"Display":"Page Submit"},"4":{"Display":"Click Count"}},"GradingData":[],"Language":[],"NextChoiceId":28,"NextAnswerId":1,"QuestionID":"QID5"}},{"SurveyID":"SV_eeULxjJiThIUJbo","Element":"SQ","PrimaryAttribute":"QID7","SecondaryAttribute":"What percentage of time out of the ten minutes were you focusing on the practice?","TertiaryAttribute":null,"Payload":{"QuestionText":"<span style=\"font-size:12.0pt;line-height:115%;\nfont-family:&quot;Times New Roman&quot;,serif;mso-fareast-font-family:&quot;Times New Roman&quot;;\nmso-ansi-language:EN-GB;mso-fareast-language:EN-GB;mso-bidi-language:AR-SA\">What\npercentage of time out of the ten minutes were you focusing on the practice?<\/span>","DefaultChoices":false,"DataExportTag":"Q10","QuestionType":"Slider","Selector":"HSLIDER","DataVisibility":{"Private":false,"Hidden":false},"Configuration":{"QuestionDescriptionOption":"UseText","CSSliderMin":0,"CSSliderMax":100,"GridLines":10,"SnapToGrid":false,"NumDecimals":"0","ShowValue":true,"CustomStart":true,"SliderStartPositions":{"1":0},"NotApplicable":false,"MobileFirst":true},"QuestionDescription":"What percentage of time out of the ten minutes were you focusing on the practice?","Choices":{"1":{"Display":"Percentage of time (%)"}},"ChoiceOrder":[1],"Validation":{"Settings":{"ForceResponse":"ON","ForceResponseType":"ON","Type":"None"}},"GradingData":[],"Language":[],"NextChoiceId":2,"NextAnswerId":1,"Labels":[],"QuestionID":"QID7"}},{"SurveyID":"SV_eeULxjJiThIUJbo","Element":"OCAC","PrimaryAttribute":"OCAC_kjZ5dq1LvTgs5Sq","SecondaryAttribute":"OC_qLugocATatkBR5a","TertiaryAttribute":"CDAPWorkerResponseExport","Payload":{"actionId":"OCAC_kjZ5dq1LvTgs5Sq","contextId":"SV_eeULxjJiThIUJbo","elementConfigured":true,"jobName":"CDAPWorkerResponseExport","nameSpace":"CDAP","outcomeId":"OC_qLugocATatkBR5a","payload":{"tasks":[{"bufferOverride":false,"exportAllResponses":false,"exportParameters":{"breakoutSets":false,"compress":false,"format":"csv","formatDecimalAsComma":false,"includeDisplayOrder":false,"timeZone":"Europe\/London","useLabels":false},"taskName":"responseexport"},{"taskName":"fileexport","transferParameters":{"credentialID":"CRED_XctjDPv4xFJF5rg","directory":"\/its\/home\/mel29\/breath\/qualtrics","fileNamePrefix":"breath_w4","source":"sftp"}},{"executeOnFailure":true,"subject":"Qualtrics Automation Summary","taskName":"sendemail","toEmail":"m.lovell@sussex.ac.uk","toName":"Qualtrics Automation User"}]},"status":"COMPLETED","taskRegistryId":"CDAPWorkerResponseExport","triggerAction":"CDAPWorkerResponseExport","triggerActionVersion":"1.0","type":"ResponseExport","workspaceId":"SV_eeULxjJiThIUJbo","workspaceType":"survey"}},{"SurveyID":"SV_eeULxjJiThIUJbo","Element":"OCAC","PrimaryAttribute":"OCAC_uZgXcEui4GFrFlr","SecondaryAttribute":"OC_GdqVXy6EFBmnXJg","TertiaryAttribute":"EmailSurvey","Payload":{"actionId":"OCAC_uZgXcEui4GFrFlr","chainId":"CHAIN_2478R0ZMqEPaSAK","contact":{"libraryId":"UR_bEHDij0VutioWln","name":"Mindfulness","panelId":"ML_cTNrU3LFgmW6QfP","panelLibraryId":"UR_bEHDij0VutioWln","panelMailingListId":"ML_cTNrU3LFgmW6QfP"},"contextId":"SV_eeULxjJiThIUJbo","createdAt":1645528571176,"delay":{"count":1,"formattedTime":{"hours":7,"minutes":0,"seconds":0,"milliseconds":0},"time":"07:00","unit":{"label":"Days","value":"DAYS"},"userTimeZone":"GMT"},"delayType":"Custom","dependencies":[],"distributionMethod":{"label":"Email\/Embedded Data","value":"EMAIL"},"distributionType":{"label":"Contact List","value":"INDIVIDUAL"},"elementConfigured":true,"embeddedData":[],"eventType":"OnSurveyResponse","externalDataField":null,"firstNameField":"${m:\/\/FirstName}","isSurveySelected":true,"keyvalues":[{"key":"message","value":"<p>Thank you for completing yesterday\u2019s practice and survey!&nbsp;<\/p>\n\n<p>The fifth&nbsp;practice, and a question about your practice, can be found here: ${l:\/\/SurveyLink?d=Take the survey}<\/p>\n\n<p>&nbsp;<\/p>\n\n<p><i>Or copy and paste the URL below into your internet browser:<\/i><br \/>\n<i>${l:\/\/SurveyURL}<\/i><\/p>\n\n<p>I will send one reminder email after 2 days if the survey has not been completed by then. You are welcome to repeat today\u2019s practice as many times as you want, but don\u2019t attempt to go beyond it until tomorrows session. I will send another e-mail in response to your answer to the above questions.<br \/>\n<br \/>\nAlso feel free to tell me about any experiences you had, either during the sitting practice or during other daily activities.<br \/>\n<br \/>\n<b>If you have any questions please contact&nbsp;<i>mel29@sussex.ac.uk.<\/i><\/b><br \/>\n<br \/>\nThe Mindfulness research group<\/p>\n\n<p>&nbsp;<\/p>\n\n<p>Follow the link to opt out of future emails:<br \/>\n${l:\/\/OptOutLink?d=Click here to unsubscribe}<\/p>\n"},{"key":"subject","value":"Fifth Mindfulness Practice"},{"key":"fromName","value":"Max Lovell - The Mindfulness Research Group"},{"key":"replyTo","value":"max@qemailserver.com"},{"key":"l:\/\/SurveyURL","value":"${l:\/\/SurveyURL}"}],"languageField":null,"lastNameField":"${m:\/\/LastName}","linkType":{"label":"Individual","value":"INDIVIDUAL"},"message":{"expirationDays":4,"from":"max@qemailserver.com","fromName":"Max Lovell - The Mindfulness Research Group","messageHtml":"<p>Thank you for completing yesterday\u2019s practice and survey!&nbsp;<\/p>\n\n<p>The fifth&nbsp;practice, and a question about your practice, can be found here: ${l:\/\/SurveyLink?d=Take the survey}<\/p>\n\n<p>&nbsp;<\/p>\n\n<p><i>Or copy and paste the URL below into your internet browser:<\/i><br \/>\n<i>${l:\/\/SurveyURL}<\/i><\/p>\n\n<p>I will send one reminder email after 2 days if the survey has not been completed by then. You are welcome to repeat today\u2019s practice as many times as you want, but don\u2019t attempt to go beyond it until tomorrows session. I will send another e-mail in response to your answer to the above questions.<br \/>\n<br \/>\nAlso feel free to tell me about any experiences you had, either during the sitting practice or during other daily activities.<br \/>\n<br \/>\n<b>If you have any questions please contact&nbsp;<i>mel29@sussex.ac.uk.<\/i><\/b><br \/>\n<br \/>\nThe Mindfulness research group<\/p>\n\n<p>&nbsp;<\/p>\n\n<p>Follow the link to opt out of future emails:<br \/>\n${l:\/\/OptOutLink?d=Click here to unsubscribe}<\/p>\n","replyTo":"max@qemailserver.com","subject":"Fifth Mindfulness Practice"},"messageLib":[],"name":"Distribute Survey","outcomeId":"OC_GdqVXy6EFBmnXJg","ownerObject":{"orgId":"universityofsussex","userId":"UR_bEHDij0VutioWln"},"reminder":{"delay":{"count":2,"formattedTime":{"hours":7,"minutes":0,"seconds":0,"milliseconds":0},"time":"07:00","unit":{"label":"Days","value":"DAYS"},"userTimeZone":"GMT"},"enabled":true,"message":{"libraryId":"UR_bEHDij0VutioWln","messageId":"MS_5pVyyQnkYAYRYSV","title":"Reminder D3-14","type":"MRE"},"subject":{"title":"Reminder: Fifth Mindfulness Practice"}},"saveEdDataAs":"CONTACT_ED","subTasks":[{"triggerAction":"Contact","chainId":"CHAIN_ec1jZ9sai8P7q4e","toEmail":"~{ch:\/\/CHAIN_2478R0ZMqEPaSAK\/toEmail}","phoneNumber":"~{ch:\/\/CHAIN_2478R0ZMqEPaSAK\/phoneNumber}","firstName":"~{ch:\/\/CHAIN_2478R0ZMqEPaSAK\/firstName}","lastName":"~{ch:\/\/CHAIN_2478R0ZMqEPaSAK\/lastName}","panelMailingListId":"~{ch:\/\/CHAIN_2478R0ZMqEPaSAK\/panelMailingListId}","panelLibraryId":"~{ch:\/\/CHAIN_2478R0ZMqEPaSAK\/panelLibraryId}","embeddedData":"~{ch:\/\/CHAIN_2478R0ZMqEPaSAK\/embeddedData}","externalData":"~{ch:\/\/CHAIN_2478R0ZMqEPaSAK\/externalData}","language":"~{ch:\/\/CHAIN_2478R0ZMqEPaSAK\/language}","saveEdDataAs":"~{ch:\/\/CHAIN_2478R0ZMqEPaSAK\/saveEdDataAs}","defaultDirectory":"~{ch:\/\/CHAIN_2478R0ZMqEPaSAK\/defaultDirectory}","recipientId":"~{ch:\/\/CHAIN_2478R0ZMqEPaSAK\/recipientId}","unsubscribed":"~{ch:\/\/CHAIN_2478R0ZMqEPaSAK\/unsubscribed}","dependencies":{"CHAIN_2478R0ZMqEPaSAK":["toEmail","firstName","lastName","panelMailingListId","panelLibraryId","embeddedData","externalData","language","saveEdDataAs","unsubscribed","recipientId"]},"ownerObject":{"orgId":"universityofsussex","userId":"UR_bEHDij0VutioWln"},"taskType":"EmailSurvey","outcomeId":"OC_GdqVXy6EFBmnXJg"},{"triggerAction":"SurveyDistribution","chainId":"CHAIN_Pa0FpvqvJ58HQUu","from":"~{ch:\/\/CHAIN_2478R0ZMqEPaSAK\/from}","replyTo":"~{ch:\/\/CHAIN_2478R0ZMqEPaSAK\/replyTo}","fromName":"~{ch:\/\/CHAIN_2478R0ZMqEPaSAK\/fromName}","subject":"~{ch:\/\/CHAIN_2478R0ZMqEPaSAK\/subject}","messageHtml":"~{ch:\/\/CHAIN_2478R0ZMqEPaSAK\/messageHtml}","expirationDays":"~{ch:\/\/CHAIN_2478R0ZMqEPaSAK\/expirationDays}","toEmail":"~{ch:\/\/CHAIN_2478R0ZMqEPaSAK\/toEmail}","phoneNumber":"~{ch:\/\/CHAIN_2478R0ZMqEPaSAK\/phoneNumber}","sendDate":"~{ch:\/\/CHAIN_2478R0ZMqEPaSAK\/sendDate}","embeddedData":"~{ch:\/\/CHAIN_2478R0ZMqEPaSAK\/embeddedData}","toSurveyId":"~{ch:\/\/CHAIN_2478R0ZMqEPaSAK\/toSurveyId}","reminder":"~{ch:\/\/CHAIN_2478R0ZMqEPaSAK\/reminder}","type":"~{ch:\/\/CHAIN_2478R0ZMqEPaSAK\/type}","subjectLib":"~{ch:\/\/CHAIN_2478R0ZMqEPaSAK\/subjectLib}","messageLib":"~{ch:\/\/CHAIN_2478R0ZMqEPaSAK\/messageLib}","panelMailingListId":"~{ch:\/\/CHAIN_2478R0ZMqEPaSAK\/panelMailingListId}","panelLibraryId":"~{ch:\/\/CHAIN_2478R0ZMqEPaSAK\/panelLibraryId}","linkType":"~{ch:\/\/CHAIN_2478R0ZMqEPaSAK\/linkType}","pipedText":"~{ch:\/\/CHAIN_2478R0ZMqEPaSAK\/pipedText}","contactTransactionId":"~{ch:\/\/CHAIN_ec1jZ9sai8P7q4e\/contactTransactionId}","dependencies":{"CHAIN_2478R0ZMqEPaSAK":["from","fromName","subject","messageHtml","expirationDays","toEmail","embeddedData","toSurveyId","reminder","type","subjectLib","messageLib","panelMailingListId","panelLibraryId","linkType","pipedText"],"CHAIN_ec1jZ9sai8P7q4e":["panelMemberId"]},"ownerObject":{"orgId":"universityofsussex","userId":"UR_bEHDij0VutioWln"},"taskType":"EmailSurvey","panelMemberId":"~{ch:\/\/CHAIN_ec1jZ9sai8P7q4e\/panelMemberId}","outcomeId":"OC_GdqVXy6EFBmnXJg"}],"subjectLib":[],"survey":{"label":"world_05_breath","value":"SV_1AnnMndzN0tu4yG"},"surveyId":"SV_eeULxjJiThIUJbo","taskName":"DISTRIBUTE","taskNumber":1,"taskRegistryId":"EmailSurvey","to":["${m:\/\/Email}"],"toEmailInput":"${m:\/\/Email}","toSurveyId":"SV_1AnnMndzN0tu4yG","translatedToAddresses":"${m:\/\/Email}","triggerAction":"EmailSurvey","updatedAt":1600247971563,"validEmail":true,"validPhone":true,"whenLabel":"Send After..."}},{"SurveyID":"SV_eeULxjJiThIUJbo","Element":"TR","PrimaryAttribute":"OC_GdqVXy6EFBmnXJg","SecondaryAttribute":null,"TertiaryAttribute":"OnSurveyResponse","Payload":{"Name":"w05b_email","EventType":"OnSurveyResponse","Type":"OnSurveyComplete","LogicV2":{"type":"always","children":[]},"EventData":{"fields":[]},"eventContext":[],"branches":[],"loops":[],"elementConfigured":true,"disabled":false,"TriggerAction":"Outcome","logicCompleted":true,"unconfigured":false}},{"SurveyID":"SV_eeULxjJiThIUJbo","Element":"TR","PrimaryAttribute":"OC_qLugocATatkBR5a","SecondaryAttribute":null,"TertiaryAttribute":"TimerEvent","Payload":{"AutomationType":"ResponseExport","EventData":{"fields":[{"name":"cron","value":"0 6 * * *"}]},"EventType":"TimerEvent","Name":"breath_w4_export","NameSpace":"CDAP","UseDaylightsSavings":true,"UserTimeZone":"Europe\/London","elementConfigured":true,"logicCompleted":true,"unconfigured":false}}]}