{"SurveyEntry":{"SurveyID":"SV_eVD50YlnreqHPeu","SurveyName":"world_01_breath","SurveyDescription":null,"SurveyOwnerID":"UR_bEHDij0VutioWln","SurveyBrandID":"universityofsussex","DivisionID":null,"SurveyLanguage":"EN","SurveyActiveResponseSet":"RS_82PP9217cQDJjEi","SurveyStatus":"Active","SurveyStartDate":"0000-00-00 00:00:00","SurveyExpirationDate":"0000-00-00 00:00:00","SurveyCreationDate":"2021-11-24 11:01:22","CreatorID":"UR_bEHDij0VutioWln","LastModified":"2023-10-05 06:27:19","LastAccessed":"0000-00-00 00:00:00","LastActivated":"2021-11-24 12:00:33","Deleted":null},"SurveyElements":[{"SurveyID":"SV_eVD50YlnreqHPeu","Element":"BL","PrimaryAttribute":"Survey Blocks","SecondaryAttribute":null,"TertiaryAttribute":null,"Payload":{"0":{"Type":"Default","Description":"focus","ID":"BL_cU4nElt0786pK7j","BlockElements":[{"Type":"Question","QuestionID":"QID1"}],"Options":{"BlockLocking":"false","RandomizeQuestions":"false","BlockVisibility":"Expanded"}},"1":{"Type":"Trash","Description":"Trash \/ Unused Questions","ID":"BL_56CBrZhj1wv47Wt","BlockElements":[{"Type":"Question","QuestionID":"QID21"},{"Type":"Question","QuestionID":"QID19"},{"Type":"Question","QuestionID":"QID20"},{"Type":"Question","QuestionID":"QID17"},{"Type":"Question","QuestionID":"QID6"},{"Type":"Question","QuestionID":"QID3"},{"Type":"Question","QuestionID":"QID11"},{"Type":"Question","QuestionID":"QID5"},{"Type":"Question","QuestionID":"QID7"},{"Type":"Question","QuestionID":"QID8"},{"Type":"Question","QuestionID":"QID10"},{"Type":"Question","QuestionID":"QID4"},{"Type":"Question","QuestionID":"QID9"},{"Type":"Question","QuestionID":"QID12"},{"Type":"Question","QuestionID":"QID14"},{"Type":"Question","QuestionID":"QID15"},{"Type":"Question","QuestionID":"QID16"},{"Type":"Question","QuestionID":"QID2"}]},"4":{"Type":"Standard","SubType":"","Description":"meditation","ID":"BL_1OeXXuCg3ks40kZ","Options":{"BlockLocking":"false","RandomizeQuestions":"false","BlockVisibility":"Expanded"},"BlockElements":[{"Type":"Question","QuestionID":"QID18"},{"Type":"Question","QuestionID":"QID13"}]},"6":{"Type":"Standard","SubType":"","Description":"expectations","ID":"BL_bjuvRep2cFjbzQW","Options":{"BlockLocking":false,"RandomizeQuestions":"false","BlockVisibility":"Expanded"},"BlockElements":[{"Type":"Question","QuestionID":"QID22"},{"Type":"Question","QuestionID":"QID23"},{"Type":"Question","QuestionID":"QID24"},{"Type":"Question","QuestionID":"QID25"},{"Type":"Question","QuestionID":"QID26"},{"Type":"Question","QuestionID":"QID27"},{"Type":"Question","QuestionID":"QID28"}]}}},{"SurveyID":"SV_eVD50YlnreqHPeu","Element":"FL","PrimaryAttribute":"Survey Flow","SecondaryAttribute":null,"TertiaryAttribute":null,"Payload":{"Type":"Root","FlowID":"FL_1","Flow":[{"Type":"Standard","ID":"BL_bjuvRep2cFjbzQW","FlowID":"FL_5","Autofill":[]},{"Type":"Standard","ID":"BL_1OeXXuCg3ks40kZ","FlowID":"FL_2","Autofill":[]},{"Type":"Block","ID":"BL_cU4nElt0786pK7j","FlowID":"FL_3","Autofill":[]},{"Type":"WebService","FlowID":"FL_6","URL":"http:\/\/users.sussex.ac.uk\/mel29\/exp_data\/webservice.php?email=${e:\/\/Field\/RecipientEmail}&survey=${e:\/\/Field\/SurveyID}&date=${date:\/\/CurrentDate\/SL}","Method":"POST","RequestParams":[],"EditBodyParams":[],"Body":[],"ContentType":"application\/x-www-form-urlencoded","Headers":[],"ResponseMap":[],"FireAndForget":false,"StringifyValues":true}],"Properties":{"Count":6,"RemovedFieldsets":[]}}},{"SurveyID":"SV_eVD50YlnreqHPeu","Element":"PL","PrimaryAttribute":"Preview Link","SecondaryAttribute":null,"TertiaryAttribute":null,"Payload":{"PreviewType":"Brand","PreviewID":"2da8b704-6815-4998-8bcd-0fc256aa1416"}},{"SurveyID":"SV_eVD50YlnreqHPeu","Element":"RS","PrimaryAttribute":"RS_82PP9217cQDJjEi","SecondaryAttribute":null,"TertiaryAttribute":null,"Payload":null},{"SurveyID":"SV_eVD50YlnreqHPeu","Element":"SO","PrimaryAttribute":"Survey Options","SecondaryAttribute":null,"TertiaryAttribute":null,"Payload":{"BackButton":"true","SaveAndContinue":"true","SurveyProtection":"PublicSurvey","BallotBoxStuffingPrevention":"true","NoIndex":"Yes","SecureResponseFiles":"true","SurveyExpiration":"None","SurveyTermination":"DefaultMessage","Header":"","Footer":"","ProgressBarDisplay":"VerboseText","PartialData":"+1 week","ValidationMessage":null,"PreviousButton":" \u2190 ","NextButton":"Next \u2192 ","SkinLibrary":"universityofsussex","SkinType":"templated","Skin":{"brandingId":null,"templateId":"*2014","overrides":{"contrast":1,"font":{"family":"helvetica, arial, sans-serif"},"questionText":{"weight":"bold","size":"16px"},"answerText":{"size":"15px"}}},"NewScoring":1,"CustomStyles":{"customCSS":"@media (max-width: 480px) {\n\nul.labels {\nword-break: break-word;\nfont-size: 6px;\n}\n\n.QuestionText, \n.QuestionBody {\n  font-size: 10px!important;\n}\n\n}"},"ProtectSelectionIds":true,"EOSMessage":null,"ShowExportTags":"false","CollectGeoLocation":"false","SurveyTitle":"Qualtrics Survey | Qualtrics Experience Management","SurveyMetaDescription":"Qualtrics sophisticated online survey software solutions make creating online surveys easy. Learn more about Research Suite and get a free account today.","PasswordProtection":"No","AnonymizeResponse":"No","RefererCheck":"No","UseCustomSurveyLinkCompletedMessage":null,"SurveyLinkCompletedMessage":null,"SurveyLinkCompletedMessageLibrary":null,"ResponseSummary":"No","EOSMessageLibrary":null,"EOSRedirectURL":null,"EmailThankYou":"false","ThankYouEmailMessageLibrary":null,"ThankYouEmailMessage":null,"ValidateMessage":"false","ValidationMessageLibrary":null,"InactiveSurvey":"DefaultMessage","PartialDeletion":null,"PartialDataCloseAfter":"LastActivity","InactiveMessageLibrary":null,"InactiveMessage":null,"AvailableLanguages":{"EN":[]},"SurveyName":"world_01_breath"}},{"SurveyID":"SV_eVD50YlnreqHPeu","Element":"TR","PrimaryAttribute":"TR_1SNB3K34LDlTDEh","SecondaryAttribute":null,"TertiaryAttribute":null,"Payload":{"TriggerAction":"AddToPanel","Type":"OnSurveyComplete","FirstName":"Null","LastName":"Null","Email":"Null","ExtRef":"","ExternalDataReference":"Null","Language":"Null","EmbeddedData":"","Panel":"","PanelData":{"FirstName":{"Data":{"LogicType":"Null","LeftOperand":"Null","Type":"Expression"}},"LastName":{"Data":{"LogicType":"Null","LeftOperand":"Null","Type":"Expression"}},"Email":{"Data":{"LogicType":"Null","LeftOperand":"Null","Type":"Expression"}},"ExternalDataReference":{"Data":{"LogicType":"Null","LeftOperand":"Null","Type":"Expression"}},"Language":{"Data":{"LogicType":"Null","LeftOperand":"Null","Type":"Expression"}},"Panel":{"Values":[null,null],"Descriptions":[0,"Please Select..."]}},"UpdatePanel":true,"Unsubscribe":false,"Deleted":true,"ID":"TR_1SNB3K34LDlTDEh"}},{"SurveyID":"SV_eVD50YlnreqHPeu","Element":"TR","PrimaryAttribute":"TR_b3kRoznQxn7HgcR","SecondaryAttribute":null,"TertiaryAttribute":null,"Payload":{"TriggerAction":"EmailMessage","Type":"OnSurveyComplete","ToEmail":"mel29@sussex.ac.uk","FromName":"","FromEmail":"trigger@qemailserver.com","SendDate":"now","Subject":"Day 1 world","Message":"","IncludeReport":true,"UseFullText":false,"Deleted":true,"ID":"TR_b3kRoznQxn7HgcR"}},{"SurveyID":"SV_eVD50YlnreqHPeu","Element":"SCO","PrimaryAttribute":"Scoring","SecondaryAttribute":null,"TertiaryAttribute":null,"Payload":{"ScoringCategories":[],"ScoringCategoryGroups":[],"ScoringSummaryCategory":null,"ScoringSummaryAfterQuestions":0,"ScoringSummaryAfterSurvey":0,"DefaultScoringCategory":null,"AutoScoringCategory":null}},{"SurveyID":"SV_eVD50YlnreqHPeu","Element":"PROJ","PrimaryAttribute":"CORE","SecondaryAttribute":null,"TertiaryAttribute":"1.1.0","Payload":{"ProjectCategory":"CORE","SchemaVersion":"1.1.0"}},{"SurveyID":"SV_eVD50YlnreqHPeu","Element":"STAT","PrimaryAttribute":"Survey Statistics","SecondaryAttribute":null,"TertiaryAttribute":null,"Payload":{"MobileCompatible":true,"ID":"Survey Statistics"}},{"SurveyID":"SV_eVD50YlnreqHPeu","Element":"SQ","PrimaryAttribute":"QID20","SecondaryAttribute":" ","TertiaryAttribute":null,"Payload":{"QuestionText":"&nbsp;","DefaultChoices":false,"QuestionType":"Slider","Selector":"HSLIDER","DataVisibility":{"Private":false,"Hidden":false},"Configuration":{"QuestionDescriptionOption":"UseText","CSSliderMin":-5,"CSSliderMax":5,"GridLines":10,"SnapToGrid":true,"NumDecimals":"0","ShowValue":true,"CustomStart":true,"SliderStartPositions":{"1":0.5,"2":0.5,"3":0.5,"4":0.5,"5":0.5,"6":0.5,"7":0.5,"8":0.5,"14":0.5,"15":0.5},"NotApplicable":false,"MobileFirst":true},"QuestionDescription":" ","Choices":{"1":{"Display":"Feeling nervous, anxious or on edge."},"2":{"Display":"Not being able to stop or control worrying."},"3":{"Display":"Trouble relaxing."},"4":{"Display":"Feeling down, depressed, or hopeless."},"5":{"Display":"Feeling bad about yourself \u2014 or that you are a failure or have let yourself or your family down."},"6":{"Display":"Stress."},"7":{"Display":"Personal Well-being."},"8":{"Display":"Any tendency to repetitively focus on negative emotions in a passive way."},"14":{"Display":"Little interest or pleasure in doing things."},"15":{"Display":"Any tendency to suppress your thoughts."}},"ChoiceOrder":[1,"2","3","14","4","5","6","7","8","15"],"Validation":{"Settings":{"ForceResponse":"ON","ForceResponseType":"ON","Type":"None"}},"GradingData":[],"Language":[],"NextChoiceId":16,"NextAnswerId":4,"Labels":{"1":{"Display":"<span style=\"color:#000000;\">Expect <strong><u>Reduction<\/u><\/strong><\/span>"},"2":{"Display":"No expectation of change"},"3":{"Display":"<span style=\"color:#000000;\">Expect <strong><u>INCREASE<\/u><\/strong><\/span>"}},"Answers":{"1":{"Display":-5},"2":{"Display":-4},"3":{"Display":-3},"4":{"Display":-2},"5":{"Display":-1},"6":{"Display":0},"7":{"Display":1},"8":{"Display":2},"9":{"Display":3},"10":{"Display":4},"11":{"Display":5}},"QuestionText_Unsafe":"&nbsp;","DataExportTag":"Q2","QuestionID":"QID20"}},{"SurveyID":"SV_eVD50YlnreqHPeu","Element":"SQ","PrimaryAttribute":"QID27","SecondaryAttribute":" To what extent do you agree or disagree that you are expecting this course to cause a change in...","TertiaryAttribute":null,"Payload":{"QuestionText":"&nbsp;To what extent do you agree or disagree that you are expecting this course to cause a change in...","DefaultChoices":false,"QuestionType":"Slider","Selector":"HSLIDER","DataVisibility":{"Private":false,"Hidden":false},"Configuration":{"QuestionDescriptionOption":"UseText","CSSliderMin":-5,"CSSliderMax":5,"GridLines":10,"SnapToGrid":true,"NumDecimals":"0","ShowValue":true,"CustomStart":true,"NotApplicable":false,"MobileFirst":true,"SliderStartPositions":{"1":0.5},"CenterLabels":true},"QuestionDescription":" To what extent do you agree or disagree that you are expecting this course to cause a change in...","Choices":{"1":{"Display":"Any tendency to suppress your thoughts."}},"ChoiceOrder":["1"],"Validation":{"Settings":{"ForceResponse":"ON","ForceResponseType":"ON","Type":"None"}},"GradingData":[],"Language":[],"NextChoiceId":6,"NextAnswerId":17,"Labels":{"5":{"Display":"Strongly agree"},"6":{"Display":"Agree"},"7":{"Display":"Neither agree nor disagree"},"8":{"Display":"Disagree"},"9":{"Display":"Strongly disagree"},"10":{"Display":"[No expectation of change]"},"11":{"Display":"Strongly disagree"},"12":{"Display":"Disagree"},"13":{"Display":"Neither agree nor disagree"},"14":{"Display":"Agree"},"15":{"Display":"Strongly agree"}},"Answers":{"1":{"Display":-5},"2":{"Display":-4},"3":{"Display":-3},"4":{"Display":-2},"5":{"Display":-1},"6":{"Display":0},"7":{"Display":1},"8":{"Display":2},"9":{"Display":3},"10":{"Display":4},"11":{"Display":5}},"QuestionText_Unsafe":"&nbsp;To what extent do you agree or disagree that you are expecting this course to cause a change in...","DataExportTag":"exp_WBSI","QuestionID":"QID27"}},{"SurveyID":"SV_eVD50YlnreqHPeu","Element":"QC","PrimaryAttribute":"Survey Question Count","SecondaryAttribute":"28","TertiaryAttribute":null,"Payload":null},{"SurveyID":"SV_eVD50YlnreqHPeu","Element":"SQ","PrimaryAttribute":"QID5","SecondaryAttribute":"Click to write the question text","TertiaryAttribute":null,"Payload":{"QuestionText":"Click to write the question text","DataExportTag":"Q5","QuestionType":"MC","Selector":"SAVR","SubSelector":"TX","Configuration":{"QuestionDescriptionOption":"UseText"},"QuestionDescription":"Click to write the question text","Choices":{"1":{"Display":"Click to write Choice 1"},"2":{"Display":"Click to write Choice 2"},"3":{"Display":"Click to write Choice 3"}},"ChoiceOrder":["1","2","3"],"Validation":{"Settings":{"ForceResponse":"OFF","ForceResponseType":"ON","Type":"None"}},"Language":[],"NextChoiceId":4,"NextAnswerId":1,"QuestionID":"QID5"}},{"SurveyID":"SV_eVD50YlnreqHPeu","Element":"SQ","PrimaryAttribute":"QID7","SecondaryAttribute":"Click to write the question text","TertiaryAttribute":null,"Payload":{"QuestionText":"Click to write the question text","DefaultChoices":false,"DataExportTag":"Q7","QuestionType":"DB","Selector":"TB","Configuration":{"QuestionDescriptionOption":"UseText"},"QuestionDescription":"Click to write the question text","ChoiceOrder":[],"Validation":{"Settings":{"Type":"None"}},"GradingData":[],"Language":[],"NextChoiceId":4,"NextAnswerId":1,"QuestionID":"QID7"}},{"SurveyID":"SV_eVD50YlnreqHPeu","Element":"SQ","PrimaryAttribute":"QID12","SecondaryAttribute":"Click to write the question text","TertiaryAttribute":null,"Payload":{"QuestionText":"Click to write the question text","DataExportTag":"Q12","QuestionType":"MC","Selector":"SAVR","SubSelector":"TX","Configuration":{"QuestionDescriptionOption":"UseText"},"QuestionDescription":"Click to write the question text","Choices":{"1":{"Display":"Click to write Choice 1"},"2":{"Display":"Click to write Choice 2"},"3":{"Display":"Click to write Choice 3"}},"ChoiceOrder":["1","2","3"],"Validation":{"Settings":{"ForceResponse":"OFF","ForceResponseType":"ON","Type":"None"}},"Language":[],"NextChoiceId":4,"NextAnswerId":1,"QuestionID":"QID12"}},{"SurveyID":"SV_eVD50YlnreqHPeu","Element":"SQ","PrimaryAttribute":"QID14","SecondaryAttribute":"Click to write the question text","TertiaryAttribute":null,"Payload":{"QuestionText":"Click to write the question text","DataExportTag":"Q14","QuestionType":"MC","Selector":"SAVR","SubSelector":"TX","Configuration":{"QuestionDescriptionOption":"UseText"},"QuestionDescription":"Click to write the question text","Choices":{"1":{"Display":"Click to write Choice 1"},"2":{"Display":"Click to write Choice 2"},"3":{"Display":"Click to write Choice 3"}},"ChoiceOrder":["1","2","3"],"Validation":{"Settings":{"ForceResponse":"OFF","ForceResponseType":"ON","Type":"None"}},"Language":[],"NextChoiceId":4,"NextAnswerId":1,"QuestionID":"QID14"}},{"SurveyID":"SV_eVD50YlnreqHPeu","Element":"SQ","PrimaryAttribute":"QID15","SecondaryAttribute":"Click to write the question text","TertiaryAttribute":null,"Payload":{"QuestionText":"Click to write the question text","DefaultChoices":false,"DataExportTag":"Q15","QuestionType":"DB","Selector":"TB","Configuration":{"QuestionDescriptionOption":"UseText"},"QuestionDescription":"Click to write the question text","ChoiceOrder":[],"Validation":{"Settings":{"Type":"None"}},"GradingData":[],"Language":[],"NextChoiceId":4,"NextAnswerId":1,"QuestionID":"QID15"}},{"SurveyID":"SV_eVD50YlnreqHPeu","Element":"SQ","PrimaryAttribute":"QID16","SecondaryAttribute":"Click to write the question text","TertiaryAttribute":null,"Payload":{"QuestionText":"Click to write the question text","DataExportTag":"Q16","QuestionType":"MC","Selector":"SAVR","SubSelector":"TX","Configuration":{"QuestionDescriptionOption":"UseText"},"QuestionDescription":"Click to write the question text","Choices":{"1":{"Display":"Click to write Choice 1"},"2":{"Display":"Click to write Choice 2"},"3":{"Display":"Click to write Choice 3"}},"ChoiceOrder":["1","2","3"],"Validation":{"Settings":{"ForceResponse":"OFF","ForceResponseType":"ON","Type":"None"}},"Language":[],"NextChoiceId":4,"NextAnswerId":1,"QuestionID":"QID16"}},{"SurveyID":"SV_eVD50YlnreqHPeu","Element":"SQ","PrimaryAttribute":"QID2","SecondaryAttribute":"Did you try any of the daily activities?","TertiaryAttribute":null,"Payload":{"QuestionText":"<p><span style=\"font-size:12.0pt;font-family:&quot;Times New Roman&quot;,serif;mso-fareast-font-family:\n&quot;Times New Roman&quot;;mso-fareast-language:EN-GB\">Did you try any of the daily\nactivities?<\/span><\/p>","DataExportTag":"Q2","QuestionType":"MC","Selector":"SAVR","SubSelector":"TX","Configuration":{"QuestionDescriptionOption":"UseText"},"QuestionDescription":"Did you try any of the daily activities?","Choices":{"1":{"Display":"Yes"},"2":{"Display":"No"}},"ChoiceOrder":[1,2],"Validation":{"Settings":{"ForceResponse":"ON","ForceResponseType":"ON","Type":"None"}},"Language":[],"NextChoiceId":3,"NextAnswerId":1,"QuestionID":"QID2","DataVisibility":{"Private":false,"Hidden":false}}},{"SurveyID":"SV_eVD50YlnreqHPeu","Element":"SQ","PrimaryAttribute":"QID28","SecondaryAttribute":"How many scale points do you expect the course to change how often you think or do the following...","TertiaryAttribute":null,"Payload":{"QuestionText":"How many scale points do you expect the course to change how often you think or do the following when you feel down, sad, or depressed?","DefaultChoices":false,"QuestionType":"Slider","Selector":"HSLIDER","DataVisibility":{"Private":false,"Hidden":false},"Configuration":{"QuestionDescriptionOption":"UseText","CSSliderMin":-4,"CSSliderMax":4,"GridLines":8,"SnapToGrid":true,"NumDecimals":"0","ShowValue":true,"CustomStart":true,"SliderStartPositions":{"1":0.545454545454545414173708195448853075504302978515625},"NotApplicable":false,"CenterLabels":true,"MobileFirst":true},"QuestionDescription":"How many scale points do you expect the course to change how often you think or do the following...","Choices":{"1":{"Display":"Any tendency to repetitively focus on negative emotions in a passive way."}},"ChoiceOrder":["1"],"Validation":{"Settings":{"ForceResponse":"ON","ForceResponseType":"ON","Type":"None"}},"GradingData":[],"Language":[],"NextChoiceId":4,"NextAnswerId":18,"Labels":{"1":{"Display":"Almost always"},"2":{"Display":"Often"},"3":{"Display":"Sometimes"},"4":{"Display":"Almost never"},"5":{"Display":"[No expectation of change]"},"6":{"Display":"Almost never"},"7":{"Display":"Sometimes"},"8":{"Display":"Often"},"17":{"Display":"Almost always"}},"Answers":{"1":{"Display":-4},"2":{"Display":-3},"3":{"Display":-2},"4":{"Display":-1},"5":{"Display":0},"6":{"Display":1},"7":{"Display":2},"8":{"Display":3},"9":{"Display":4}},"QuestionText_Unsafe":"How many scale points do you expect the course to change how often you think or do the following when you feel down, sad, or depressed?","DataExportTag":"exp_RRS","QuestionID":"QID28"}},{"SurveyID":"SV_eVD50YlnreqHPeu","Element":"SQ","PrimaryAttribute":"QID26","SecondaryAttribute":"How much are you expecting this course to change how true of you consider the following statement...","TertiaryAttribute":null,"Payload":{"QuestionText":"How much are you expecting this course to change how true of you consider the following statement to be?","DefaultChoices":false,"QuestionType":"Slider","Selector":"HSLIDER","Configuration":{"QuestionDescriptionOption":"UseText","CSSliderMin":-5,"CSSliderMax":5,"GridLines":10,"SnapToGrid":true,"NumDecimals":"0","ShowValue":true,"CustomStart":true,"NotApplicable":false,"MobileFirst":true,"CenterLabels":true,"SliderStartPositions":{"1":0.545454545454545414173708195448853075504302978515625}},"QuestionDescription":"How much are you expecting this course to change how true of you consider the following statement...","Choices":{"1":{"Display":"I am often aware of not just the world around me in the present moment - but of my sensations and perceptions of the world around me (e.g. thinking \u201cI see that the sky is blue\u201d rather than just thinking \u201cthe sky is blue\u201d, which entails an awareness of vision itself)."}},"ChoiceOrder":["1"],"Validation":{"Settings":{"ForceResponse":"ON","ForceResponseType":"ON","Type":"None"}},"GradingData":[],"Language":[],"NextChoiceId":4,"NextAnswerId":12,"Labels":{"1":{"Display":"Very often or always true"},"2":{"Display":"Often true"},"3":{"Display":"Sometimes true"},"4":{"Display":"Rarely true"},"5":{"Display":"Never or very rarely true"},"6":{"Display":"[No expectation of change]"},"7":{"Display":"Never or very rarely true"},"8":{"Display":"Rarely true"},"9":{"Display":"Sometimes true"},"10":{"Display":"Often true"},"11":{"Display":"Very often or always true"}},"Answers":{"1":{"Display":-5},"2":{"Display":-4},"3":{"Display":-3},"4":{"Display":-2},"5":{"Display":-1},"6":{"Display":0},"7":{"Display":1},"8":{"Display":2},"9":{"Display":3},"10":{"Display":4},"11":{"Display":5}},"DataVisibility":{"Private":false,"Hidden":false},"QuestionText_Unsafe":"How much are you expecting this course to change how true of you consider the following statement to be?","DataExportTag":"exp_2SO","QuestionID":"QID26"}},{"SurveyID":"SV_eVD50YlnreqHPeu","Element":"SQ","PrimaryAttribute":"QID11","SecondaryAttribute":"How strongly do you expect that this intervention will INCREASE...","TertiaryAttribute":null,"Payload":{"QuestionText":"<p><strong>How strongly do you expect that this intervention will INCREASE...<\/strong><\/p>","DefaultChoices":false,"DataExportTag":"Q11","QuestionType":"Slider","Selector":"HSLIDER","DataVisibility":{"Private":false,"Hidden":false},"Configuration":{"QuestionDescriptionOption":"UseText","CSSliderMin":-5,"CSSliderMax":5,"GridLines":10,"SnapToGrid":true,"NumDecimals":"0","ShowValue":false,"CustomStart":true,"SliderStartPositions":{"1":0.5,"2":0.5,"3":0.5,"4":0.5,"5":0.5,"6":0.5,"7":0.5,"8":0.5},"NotApplicable":false,"MobileFirst":true},"QuestionDescription":"How strongly do you expect that this intervention will INCREASE...","Choices":{"1":{"Display":"your personal well-being"},"2":{"Display":"your ability to be calmly and accurately aware of what is happening in the world around you at any moment"},"3":{"Display":"your ability to be calmly and accurately aware of what is happening in your mind at any moment"},"4":{"Display":"your confidence in your memory"}},"ChoiceOrder":[1,"2","3","4"],"Validation":{"Settings":{"ForceResponse":"ON","ForceResponseType":"ON","Type":"None"}},"GradingData":[],"Language":[],"NextChoiceId":9,"NextAnswerId":4,"Labels":{"1":{"Display":"Expect <u>REDUCTION<\/u>"},"2":{"Display":"No expectation of change"},"3":{"Display":"Expect <u>INCREASE<\/u>"}},"Answers":{"1":{"Display":-5},"2":{"Display":-4},"3":{"Display":-3},"4":{"Display":-2},"5":{"Display":-1},"6":{"Display":0},"7":{"Display":1},"8":{"Display":2},"9":{"Display":3},"10":{"Display":4},"11":{"Display":5}},"QuestionID":"QID11"}},{"SurveyID":"SV_eVD50YlnreqHPeu","Element":"SQ","PrimaryAttribute":"QID21","SecondaryAttribute":"In mindfulness, we sit down and pay attention to our bodies, and the world around us. Specificall...","TertiaryAttribute":null,"Payload":{"QuestionText":"In mindfulness, we sit down and pay attention to our bodies, and the world around us. Specifically, we try to pay our full attention to the external world and our bodily functions as they change from moment to moment - for example attending to our breath all the way in, the gap between breaths, and all the way out, for several minutes. We also try to be aware of things as they are - accepting them, and letting them come and go. What follows is some questions on your expectations for this intervention.","DefaultChoices":false,"DataExportTag":"Q21","QuestionID":"QID21","QuestionType":"DB","Selector":"TB","Configuration":{"QuestionDescriptionOption":"UseText"},"QuestionDescription":"In mindfulness, we sit down and pay attention to our bodies, and the world around us. Specificall...","ChoiceOrder":[],"Validation":{"Settings":{"Type":"None"}},"GradingData":[],"Language":[],"NextChoiceId":4,"NextAnswerId":1}},{"SurveyID":"SV_eVD50YlnreqHPeu","Element":"SQ","PrimaryAttribute":"QID3","SecondaryAttribute":"Mindfulness has been claimed to produce several effects. We want to know what you actually expect...","TertiaryAttribute":null,"Payload":{"QuestionText":"<p>Mindfulness has been claimed to produce several effects. We want to know what you actually expect about this two-week intervention, given what you have just read.&nbsp;<span style=\"font-weight: bolder;\">How strongly do you expect that this intervention will reduce or increase...<\/span><\/p>","DefaultChoices":false,"DataExportTag":"Q3","QuestionType":"Slider","Selector":"HSLIDER","Configuration":{"QuestionDescriptionOption":"UseText","CSSliderMin":-5,"CSSliderMax":5,"GridLines":10,"SnapToGrid":true,"NumDecimals":"0","ShowValue":false,"CustomStart":true,"SliderStartPositions":{"1":0.5,"2":0.5,"3":0.5,"4":0.5,"5":0.5,"6":0.5,"7":0.5,"8":0.5},"NotApplicable":false,"MobileFirst":true},"QuestionDescription":"Mindfulness has been claimed to produce several effects. We want to know what you actually expect...","Choices":{"1":{"Display":"stress"},"2":{"Display":"anxiety"},"3":{"Display":"depression"},"4":{"Display":"any tendency to repetitively focus on negative emotions in a passive way"},"5":{"Display":"any tendency to suppress your thoughts"},"6":{"Display":"any need to control one\u2019s thoughts"},"7":{"Display":"any belief that worrying must both be controlled but is uncontrollable"},"8":{"Display":"any belief that there are negative consequences to <em>not<\/em> worrying"}},"ChoiceOrder":[1,"2","3","4","5","6","7","8"],"Validation":{"Settings":{"ForceResponse":"ON","ForceResponseType":"ON","Type":"None"}},"GradingData":[],"Language":[],"NextChoiceId":9,"NextAnswerId":4,"Labels":{"1":{"Display":"Expect <u>INCREASE<\/u>"},"2":{"Display":"No expectation of change"},"3":{"Display":"Expect <u>REDUCTION<\/u>"}},"QuestionID":"QID3","Answers":{"1":{"Display":-5},"2":{"Display":-4},"3":{"Display":-3},"4":{"Display":-2},"5":{"Display":-1},"6":{"Display":0},"7":{"Display":1},"8":{"Display":2},"9":{"Display":3},"10":{"Display":4},"11":{"Display":5}},"DataVisibility":{"Private":false,"Hidden":false}}},{"SurveyID":"SV_eVD50YlnreqHPeu","Element":"SQ","PrimaryAttribute":"QID19","SecondaryAttribute":"Mindfulness has been claimed to produce several effects. We want to know what you actually expect...","TertiaryAttribute":null,"Payload":{"QuestionText":"<p>Mindfulness has been claimed to produce several effects. We want to know what you actually expect about this two-week intervention, given what you have just read.&nbsp;<strong>How strongly do you expect that this intervention will reduce or increase...<\/strong><\/p>","DefaultChoices":false,"QuestionType":"Slider","Selector":"HSLIDER","Configuration":{"QuestionDescriptionOption":"UseText","CSSliderMin":-5,"CSSliderMax":5,"GridLines":10,"SnapToGrid":true,"NumDecimals":"0","ShowValue":true,"CustomStart":true,"SliderStartPositions":{"1":0.5,"2":0.5,"3":0.5,"4":0.5,"5":0.5,"6":0.5,"7":0.5,"8":0.5,"14":0.5},"NotApplicable":false,"MobileFirst":true},"QuestionDescription":"Mindfulness has been claimed to produce several effects. We want to know what you actually expect...","Choices":{"1":{"Display":"Your experience of yourself as separate from your changing thoughts and feelings."},"2":{"Display":"Being more concerned with being open to your experiences than controlling or changing them."},"3":{"Display":"Experiencing your thoughts more as events in your mind than as a necessarily accurate reflection of the way things \u2018really\u2019 are."},"4":{"Display":"Being more invested in just watching your experiences as they arise, than in figuring out what they could mean."},"5":{"Display":"Approaching each experience by trying to accept it, no matter whether it was pleasant or unpleasant."},"6":{"Display":"Being aware of your thoughts and feelings without over-identifying with them."},"7":{"Display":"Your awareness of what is happening in the world around you in the present moment."},"8":{"Display":"Your awareness of not just the world around you in the present moment - but of a higher-order awareness of your sensations and perceptions of the world around you (e.g. thinking \u201cI see\u00a0that\u00a0the sky is blue\u201d rather than just thinking \u201cthe sky is blue\u201d, which entails an awareness of vision itself)."},"14":{"Display":"Receptivity to observing unpleasant thoughts and feelings without interfering with them."}},"ChoiceOrder":[1,"2","3","14","4","5","6","7","8"],"Validation":{"Settings":{"ForceResponse":"ON","ForceResponseType":"ON","Type":"None"}},"GradingData":[],"Language":[],"NextChoiceId":15,"NextAnswerId":4,"Labels":{"1":{"Display":"<span style=\"color:#000000;\">Expect <strong><u>Reduction<\/u><\/strong><\/span>"},"2":{"Display":"No expectation of change"},"3":{"Display":"<span style=\"color:#000000;\">Expect <strong><u>INCREASE<\/u><\/strong><\/span>"}},"Answers":{"1":{"Display":-5},"2":{"Display":-4},"3":{"Display":-3},"4":{"Display":-2},"5":{"Display":-1},"6":{"Display":0},"7":{"Display":1},"8":{"Display":2},"9":{"Display":3},"10":{"Display":4},"11":{"Display":5}},"DataVisibility":{"Private":false,"Hidden":false},"QuestionText_Unsafe":"<p>Mindfulness has been claimed to produce several effects. We want to know what you actually expect about this two-week intervention, given what you have just read.&nbsp;<strong>How strongly do you expect that this intervention will reduce or increase...<\/strong><\/p>","DataExportTag":"Q1","QuestionID":"QID19"}},{"SurveyID":"SV_eVD50YlnreqHPeu","Element":"SQ","PrimaryAttribute":"QID23","SecondaryAttribute":"Mindfulness has been claimed to produce several effects. We want to know what you actually expect...","TertiaryAttribute":null,"Payload":{"QuestionText":"<i>Mindfulness has been claimed to produce several effects. We want to know what you actually expect about this two-week intervention, given what you have just read.&nbsp;<\/i><div><i><br><\/i><\/div><div><i>For each question below,&nbsp;<\/i><i>please use the sliders to indicate by how many scale points you expect taking this course will change your answer. We have provided the original scale labels for reference, but please use the sliders to tell us the number of units you expect your score to increase or decrease by compared to before the course.<\/i><\/div><div><i><br><\/i><\/div><div><i>For example, say that before taking this course you answered the question 'Over the last week, how often have you had trouble relaxing?' with the answer '3. Moderately' on the 5-point scale provided. if you expect that, by the end of this course, your answer will have changed to '2. A little' on the same scale, then you are expecting a reduction of 1 point on the scale, and your answer below would be '-1'.<br><\/i><\/div><div><i><br><\/i><\/div><div><div><div><i>Likewise, if you expect your score will remain the same after versus before the intervention, say 0. If you think your score will be larger by a certain number of units say +that number, e.g. +2; if you think your score will have reduced by a certain number of units say - that number, e.g. -2.<\/i><\/div><div><i><br><\/i><\/div><div><i>Please check the axis label for each section before answering!<\/i><\/div><div><i>NOTE: you must click each slider to register a response, even if you want to input '0'.<br><\/i><\/div><div><div><i>--------------------<\/i><\/div><\/div><\/div><\/div>","DefaultChoices":false,"QuestionType":"DB","Selector":"TB","Configuration":{"QuestionDescriptionOption":"UseText"},"QuestionDescription":"Mindfulness has been claimed to produce several effects. We want to know what you actually expect...","ChoiceOrder":[],"Validation":{"Settings":{"Type":"None"}},"GradingData":[],"Language":[],"NextChoiceId":4,"NextAnswerId":1,"DataVisibility":{"Private":false,"Hidden":false},"QuestionText_Unsafe":"<i>Mindfulness has been claimed to produce several effects. We want to know what you actually expect about this two-week intervention, given what you have just read.&nbsp;<\/i><div><i><br><\/i><\/div><div><i>For each question below,&nbsp;<\/i><i>please use the sliders to indicate by how many scale points you expect taking this course will change your answer. We have provided the original scale labels for reference, but please use the sliders to tell us the number of units you expect your score to increase or decrease by compared to before the course.<\/i><\/div><div><i><br><\/i><\/div><div><i>For example, say that before taking this course you answered the question 'Over the last week, how often have you had trouble relaxing?' with the answer '3. Moderately' on the 5-point scale provided. if you expect that, by the end of this course, your answer will have changed to '2. A little' on the same scale, then you are expecting a reduction of 1 point on the scale, and your answer below would be '-1'.<br><\/i><\/div><div><i><br><\/i><\/div><div><div><div><i>Likewise, if you expect your score will remain the same after versus before the intervention, say 0. If you think your score will be larger by a certain number of units say +that number, e.g. +2; if you think your score will have reduced by a certain number of units say - that number, e.g. -2.<\/i><\/div><div><i><br><\/i><\/div><div><i>Please check the axis label for each section before answering!<\/i><\/div><div><div><i>--------------------<\/i><\/div><\/div><\/div><\/div>","DataExportTag":"exp_intro","QuestionID":"QID23"}},{"SurveyID":"SV_eVD50YlnreqHPeu","Element":"SQ","PrimaryAttribute":"QID10","SecondaryAttribute":"Mindfulness has been claimed to reduce anxiety. We want to know what you actually expect about th...","TertiaryAttribute":null,"Payload":{"QuestionText":"<span style=\"font-size:12.0pt;line-height:115%;font-family:\n&quot;Times New Roman&quot;,serif;mso-fareast-font-family:&quot;Times New Roman&quot;;mso-ansi-language:\nEN-GB;mso-fareast-language:EN-GB;mso-bidi-language:AR-SA\"><b>Mindfulness has been claimed to reduce anxiety. We want to know what you actually expect about this two-week intervention, given what you have just read.&nbsp;<\/b><\/span>\n<div>&nbsp;<\/div>\n\n<div><span style=\"font-size:12.0pt;line-height:115%;font-family:\n&quot;Times New Roman&quot;,serif;mso-fareast-font-family:&quot;Times New Roman&quot;;mso-ansi-language:\nEN-GB;mso-fareast-language:EN-GB;mso-bidi-language:AR-SA\"><i>On a scale of -5 to +5 indicate how strongly you expect the intervention will actually change (at least a little bit) your tendency to become anxious, where 0 means you have no expectation of a change either way, -5 means you are certain that you will have a small increase in your tendency to become anxious and +5 means you are certain you will have at least a small reduction in your tendency to become anxious?<\/i><\/span><\/div>","DefaultChoices":false,"DataExportTag":"Q10","QuestionType":"Slider","Selector":"HSLIDER","DataVisibility":{"Private":false,"Hidden":false},"Configuration":{"QuestionDescriptionOption":"UseText","CSSliderMin":-5,"CSSliderMax":5,"GridLines":10,"SnapToGrid":true,"NumDecimals":"0","ShowValue":false,"CustomStart":true,"SliderStartPositions":{"1":0.5},"NotApplicable":false,"MobileFirst":true},"QuestionDescription":"Mindfulness has been claimed to reduce anxiety. We want to know what you actually expect about th...","Choices":{"1":{"Display":"How strongly do you expect the intervention will change your tendency to become anxious?"}},"ChoiceOrder":[1],"Validation":{"Settings":{"ForceResponse":"ON","ForceResponseType":"ON","Type":"None"}},"GradingData":[],"Language":[],"NextChoiceId":2,"NextAnswerId":4,"Labels":{"1":{"Display":"Expect increase in anxiety"},"2":{"Display":"0 = No expectation of change"},"3":{"Display":"Expect reduction in anxiety"}},"Answers":{"1":{"Display":-5},"2":{"Display":-4},"3":{"Display":-3},"4":{"Display":-2},"5":{"Display":-1},"6":{"Display":0},"7":{"Display":1},"8":{"Display":2},"9":{"Display":3},"10":{"Display":4},"11":{"Display":5}},"QuestionID":"QID10"}},{"SurveyID":"SV_eVD50YlnreqHPeu","Element":"SQ","PrimaryAttribute":"QID4","SecondaryAttribute":"Mindfulness has been claimed to reduce depression. We want to know what you actually expect about...","TertiaryAttribute":null,"Payload":{"QuestionText":"<p><span style=\"font-size:12.0pt;font-family:&quot;Times New Roman&quot;,serif;mso-fareast-font-family:\n&quot;Times New Roman&quot;;mso-fareast-language:EN-GB\"><b>Mindfulness has been claimed to reduce depression. We want to know what you actually expect about this two-week intervention, given what you have just read.&nbsp;<\/b><\/span><\/p>\n\n<p>&nbsp;<\/p>\n\n<p><span style=\"font-size:12.0pt;font-family:&quot;Times New Roman&quot;,serif;mso-fareast-font-family:\n&quot;Times New Roman&quot;;mso-fareast-language:EN-GB\"><i>On a scale of -5 to +5 indicate how strongly you expect the intervention will actually change (at least a little bit) your tendency to become depressed (i.e. feel low), where 0 means you have no expectation of a change either way, -5 means you are certain that you will have a small increase in your tendency to become depressed (or feel low) and +5 means you are certain you will have at least a small reduction in your tendency to become depressed (or feel low)? You can use any number below:<\/i><o:p><\/o:p><\/span><\/p>","DefaultChoices":false,"DataExportTag":"Q5","QuestionType":"Slider","Selector":"HSLIDER","DataVisibility":{"Private":false,"Hidden":false},"Configuration":{"QuestionDescriptionOption":"UseText","CSSliderMin":-5,"CSSliderMax":5,"GridLines":10,"SnapToGrid":true,"NumDecimals":"0","ShowValue":false,"CustomStart":true,"SliderStartPositions":{"1":0.5},"NotApplicable":false,"MobileFirst":true},"QuestionDescription":"Mindfulness has been claimed to reduce depression. We want to know what you actually expect about...","Choices":{"1":{"Display":"How strongly do you expect the intervention will change your tendency to become depressed?"}},"ChoiceOrder":[1],"Validation":{"Settings":{"ForceResponse":"ON","ForceResponseType":"ON","Type":"None"}},"GradingData":[],"Language":[],"NextChoiceId":2,"NextAnswerId":4,"Labels":{"1":{"Display":"Expect increase in depression"},"2":{"Display":"0 = No expectation of change"},"3":{"Display":"Expect reduction in depression"}},"QuestionID":"QID4","Answers":{"1":{"Display":-5},"2":{"Display":-4},"3":{"Display":-3},"4":{"Display":-2},"5":{"Display":-1},"6":{"Display":0},"7":{"Display":1},"8":{"Display":2},"9":{"Display":3},"10":{"Display":4},"11":{"Display":5}}}},{"SurveyID":"SV_eVD50YlnreqHPeu","Element":"SQ","PrimaryAttribute":"QID9","SecondaryAttribute":"Mindfulness has been claimed to reduce depression. We want to know what you actually expect about...","TertiaryAttribute":null,"Payload":{"QuestionText":"<p><span style=\"font-size:12.0pt;font-family:&quot;Times New Roman&quot;,serif;mso-fareast-font-family:\n&quot;Times New Roman&quot;;mso-fareast-language:EN-GB\"><b>Mindfulness has been claimed to reduce depression. We want to know what you actually expect about this two-week intervention, given what you have just read.&nbsp;<\/b><\/span><\/p>\n\n<p>&nbsp;<\/p>\n\n<p><span style=\"font-size:12.0pt;font-family:&quot;Times New Roman&quot;,serif;mso-fareast-font-family:\n&quot;Times New Roman&quot;;mso-fareast-language:EN-GB\"><i>On a scale of -5 to +5 indicate how strongly you expect the intervention will actually change (at least a little bit) your tendency to become depressed (i.e. feel low), where 0 means you have no expectation of a change either way, -5 means you are certain that you will have a small increase in your tendency to become depressed (or feel low) and +5 means you are certain you will have at least a small reduction in your tendency to become depressed (or feel low)? You can use any number below:<\/i><o:p><\/o:p><\/span><\/p>","DefaultChoices":false,"DataExportTag":"Q9","QuestionType":"Slider","Selector":"HSLIDER","DataVisibility":{"Private":false,"Hidden":false},"Configuration":{"QuestionDescriptionOption":"UseText","CSSliderMin":-5,"CSSliderMax":5,"GridLines":10,"SnapToGrid":true,"NumDecimals":"0","ShowValue":false,"CustomStart":true,"SliderStartPositions":{"1":0.5},"NotApplicable":false,"MobileFirst":true},"QuestionDescription":"Mindfulness has been claimed to reduce depression. We want to know what you actually expect about...","Choices":{"1":{"Display":"How strongly do you expect the intervention will change your tendency to become depressed?"}},"ChoiceOrder":[1],"Validation":{"Settings":{"ForceResponse":"ON","ForceResponseType":"ON","Type":"None"}},"GradingData":[],"Language":[],"NextChoiceId":2,"NextAnswerId":4,"Labels":{"1":{"Display":"Expect increase in depression"},"2":{"Display":"0 = No expectation of change"},"3":{"Display":"Expect reduction in depression"}},"Answers":{"1":{"Display":-5},"2":{"Display":-4},"3":{"Display":-3},"4":{"Display":-2},"5":{"Display":-1},"6":{"Display":0},"7":{"Display":1},"8":{"Display":2},"9":{"Display":3},"10":{"Display":4},"11":{"Display":5}},"QuestionID":"QID9"}},{"SurveyID":"SV_eVD50YlnreqHPeu","Element":"SQ","PrimaryAttribute":"QID22","SecondaryAttribute":"Our meditations are derived from an old Buddhist sequence from the original Suttas (scriptures),...","TertiaryAttribute":null,"Payload":{"QuestionText":"Our meditations are derived from an old Buddhist sequence from the original Suttas (scriptures), and developed in a first century Indian meditation manual, the Vimuttimagga, or The Path of Freedom. We will pay attention to our breath as it goes in and out the body; to the basic substances that make up our natural environment, to the colours that environment presents us with, to the space itself that surrounds us.  As far as we can tell, this is how mindfulness was practised 2,000 years ago! The sequence charts a way of becoming aware of the world so that we can experience what happens freshly.","DefaultChoices":false,"QuestionType":"DB","Selector":"TB","Configuration":{"QuestionDescriptionOption":"UseText"},"QuestionDescription":"Our meditations are derived from an old Buddhist sequence from the original Suttas (scriptures),...","ChoiceOrder":[],"Validation":{"Settings":{"Type":"None"}},"GradingData":[],"Language":[],"NextChoiceId":4,"NextAnswerId":1,"QuestionText_Unsafe":"In mindfulness, we sit down and pay attention to our experiences of our minds, bodies, and the world around us. Specifically, we try to pay our full attention to these things as they change from moment to moment - for example attending to our breath all the way in, the gap between breaths, and all the way out, for several minutes. We might also try to attend to our thoughts and feelings, and in this course we will categorise them in different ways - perhaps as positive, negative, and neutral, for example. We try to be aware of things as they are - accepting them, letting them come and go, without clinging, cravings, or aversions to things. What follows is some questions on your expectations for this intervention.","DataExportTag":"brief","QuestionID":"QID22","DataVisibility":{"Private":false,"Hidden":false}}},{"SurveyID":"SV_eVD50YlnreqHPeu","Element":"SQ","PrimaryAttribute":"QID13","SecondaryAttribute":"The first mindfulness practice can be found here:\u00a0","TertiaryAttribute":null,"Payload":{"QuestionText":"The first mindfulness practice can be found here:&nbsp;\n<audio class=\"qmedia\" controls=\"true\" height=\"40\" preload=\"auto\" width=\"320\"><source src=\"https:\/\/universityofsussex.eu.qualtrics.com\/CP\/File.php?F=F_9D6JjPKho17Epp0\" type=\"audio\/mp3\" \/><embed class=\"qmedia\" flashconsts=\"file=https:\/\/universityofsussex.eu.qualtrics.com\/CP\/File.php?F=F_9D6JjPKho17Epp0&amp;width=320&amp;height=20&amp;type=mp3&amp;autostart=false\" height=\"20\" pluginspage=\"http:\/\/adobe.com\/flashplayer\/\" src=\"\/WRQualtricsShared\/Flash\/flvplayer.swf\" type=\"application\/x-shockwave-flash\" width=\"320\" wmode=\"transparent\" \/><\/audio>","DefaultChoices":false,"DataExportTag":"audio","QuestionType":"DB","Selector":"TB","Configuration":{"QuestionDescriptionOption":"UseText"},"QuestionDescription":"The first mindfulness practice can be found here:\u00a0","ChoiceOrder":[],"Validation":{"Settings":{"Type":"None"}},"GradingData":[],"Language":[],"NextChoiceId":4,"NextAnswerId":1,"QuestionID":"QID13","DataVisibility":{"Private":false,"Hidden":false}}},{"SurveyID":"SV_eVD50YlnreqHPeu","Element":"SQ","PrimaryAttribute":"QID8","SecondaryAttribute":"Timing","TertiaryAttribute":null,"Payload":{"QuestionText":"Timing","DefaultChoices":false,"DataExportTag":"Q8","QuestionType":"Timing","Selector":"PageTimer","Configuration":{"QuestionDescriptionOption":"UseText","MinSeconds":"0","MaxSeconds":"0"},"QuestionDescription":"Timing","Choices":{"1":{"Display":"First Click"},"2":{"Display":"Last Click"},"3":{"Display":"Page Submit"},"4":{"Display":"Click Count"}},"GradingData":[],"Language":[],"NextChoiceId":16,"NextAnswerId":1,"QuestionID":"QID8"}},{"SurveyID":"SV_eVD50YlnreqHPeu","Element":"SQ","PrimaryAttribute":"QID17","SecondaryAttribute":"Timing","TertiaryAttribute":null,"Payload":{"QuestionText":"Timing","DefaultChoices":false,"DataExportTag":"Q17","QuestionID":"QID17","QuestionType":"Timing","Selector":"PageTimer","Configuration":{"QuestionDescriptionOption":"UseText","MinSeconds":"0","MaxSeconds":"0"},"QuestionDescription":"Timing","Choices":{"1":{"Display":"First Click"},"2":{"Display":"Last Click"},"3":{"Display":"Page Submit"},"4":{"Display":"Click Count"}},"GradingData":[],"Language":[],"NextChoiceId":52,"NextAnswerId":1}},{"SurveyID":"SV_eVD50YlnreqHPeu","Element":"SQ","PrimaryAttribute":"QID18","SecondaryAttribute":"Timing","TertiaryAttribute":null,"Payload":{"QuestionText":"Timing","DefaultChoices":false,"DataExportTag":"timer","QuestionType":"Timing","Selector":"PageTimer","Configuration":{"QuestionDescriptionOption":"UseText","MinSeconds":"0","MaxSeconds":"0"},"QuestionDescription":"Timing","Choices":{"1":{"Display":"First Click"},"2":{"Display":"Last Click"},"3":{"Display":"Page Submit"},"4":{"Display":"Click Count"}},"GradingData":[],"Language":[],"NextChoiceId":32,"NextAnswerId":1,"QuestionID":"QID18","DataVisibility":{"Private":false,"Hidden":false}}},{"SurveyID":"SV_eVD50YlnreqHPeu","Element":"SQ","PrimaryAttribute":"QID24","SecondaryAttribute":"To what extent do you expect this mindfulness course to change how much you agree with each state...","TertiaryAttribute":null,"Payload":{"QuestionText":"To what extent do you expect this mindfulness course to change how much you agree with each statement below?","DefaultChoices":false,"QuestionType":"Slider","Selector":"HSLIDER","DataVisibility":{"Private":false,"Hidden":false},"Configuration":{"QuestionDescriptionOption":"UseText","TextPosition":"inline","CSSliderMin":-5,"CSSliderMax":5,"GridLines":10,"SnapToGrid":true,"NumDecimals":"0","ShowValue":true,"CustomStart":true,"NotApplicable":false,"MobileFirst":true,"SliderStartPositions":{"1":0.5,"2":0.5,"3":0.5,"4":0.5,"5":0.5,"6":0.5,"14":0.5},"CenterLabels":true},"QuestionDescription":"To what extent do you expect this mindfulness course to change how much you agree with each state...","Choices":{"1":{"Display":"I experience myself as separate from my changing thoughts and feelings"},"2":{"Display":"I am more concerned with being open to my experiences than controlling or changing them."},"3":{"Display":"I experience my thoughts more as events in my mind than as a necessarily accurate reflection of the way things \u2018really\u2019 are."},"4":{"Display":"I am more invested in just watching my experiences as they arise, than in figuring out what they could mean."},"5":{"Display":"I approach each experience by trying to accept it, no matter whether it is pleasant or unpleasant."},"6":{"Display":"I am aware of my thoughts and feelings without overidentifying with them."},"14":{"Display":"I am receptive to observing unpleasant thoughts and feelings without interfering with them."}},"ChoiceOrder":[1,"2","3","14","4","5","6"],"Validation":{"Settings":{"ForceResponse":"ON","ForceResponseType":"ON","Type":"None"}},"GradingData":[],"Language":[],"NextChoiceId":16,"NextAnswerId":24,"Labels":{"1":{"Display":"Very much"},"12":{"Display":"Quite a bit"},"13":{"Display":"Moderately"},"14":{"Display":"A little"},"16":{"Display":"Not at all"},"17":{"Display":"[No expectation of change]"},"18":{"Display":"Not at all"},"19":{"Display":"A little"},"20":{"Display":"Moderately"},"21":{"Display":"Quite a bit"},"23":{"Display":"Very much"}},"Answers":{"1":{"Display":-5},"2":{"Display":-4},"3":{"Display":-3},"4":{"Display":-2},"5":{"Display":-1},"6":{"Display":0},"7":{"Display":1},"8":{"Display":2},"9":{"Display":3},"10":{"Display":4},"11":{"Display":5}},"QuestionText_Unsafe":"To what extent do you expect this mindfulness course to change how much you agree with each statement below?","DataExportTag":"exp_TMS","QuestionID":"QID24"}},{"SurveyID":"SV_eVD50YlnreqHPeu","Element":"SQ","PrimaryAttribute":"QID25","SecondaryAttribute":"To what extent do you expect this mindfulness course to change how much you will be bothered by t...","TertiaryAttribute":null,"Payload":{"QuestionText":"To what extent do you expect this mindfulness course to change how much you will be bothered by the follow problems?","DefaultChoices":false,"QuestionType":"Slider","Selector":"HSLIDER","DataVisibility":{"Private":false,"Hidden":false},"Configuration":{"QuestionDescriptionOption":"UseText","TextPosition":"inline","CSSliderMin":-4,"CSSliderMax":4,"GridLines":8,"SnapToGrid":true,"NumDecimals":"0","ShowValue":true,"CustomStart":true,"NotApplicable":false,"MobileFirst":true,"CenterLabels":true,"SliderStartPositions":{"1":0.5,"2":0.5,"3":0.5,"4":0.5,"14":0.5,"16":0.5,"17":0.5,"18":0.5,"19":0.5,"20":0.5,"21":0.5,"22":0.5,"23":0.5,"24":0.5,"25":0.5}},"QuestionDescription":"To what extent do you expect this mindfulness course to change how much you will be bothered by t...","Choices":{"1":{"Display":"Feelings of nervousness, anxiety or being on edge"},"2":{"Display":"Not being able to stop or control worrying"},"3":{"Display":"Worrying too much about different things"},"4":{"Display":"Being so restless that it is hard to sit still"},"14":{"Display":"Having trouble relaxing"},"16":{"Display":"Becoming easily annoyed or irritable"},"17":{"Display":"Feeling afraid as if something awful might happen"},"18":{"Display":"Feeling down, depressed, or hopeless"},"19":{"Display":"Little interest or pleasure in doing things"},"20":{"Display":"Trouble falling or staying asleep, or sleeping too much"},"21":{"Display":"Feeling tired or having little energy"},"22":{"Display":"Poor appetite or overeating"},"23":{"Display":"Feeling bad about yourself \u2014 or that you are a failure or have let yourself or your family down"},"24":{"Display":"Trouble concentrating on things, such as reading the newspaper or watching television"},"25":{"Display":"Moving or speaking so slowly that other people could have noticed? Or the opposite \u2014 being so fidgety or restless that you have been moving around a lot more than usual"}},"ChoiceOrder":[1,"2","3","14","4","16","17","18","19","20","21","22","23","24","25"],"Validation":{"Settings":{"ForceResponse":"ON","ForceResponseType":"ON","Type":"None"}},"GradingData":[],"Language":[],"NextChoiceId":26,"NextAnswerId":17,"Labels":{"1":{"Display":"Nearly every day"},"3":{"Display":"More than half the days"},"10":{"Display":"Several days"},"11":{"Display":"Not at all"},"12":{"Display":"[No expectation of change]"},"13":{"Display":"Not at all"},"14":{"Display":"Several days"},"15":{"Display":"More than half the days"},"16":{"Display":"Nearly every day"}},"Answers":{"1":{"Display":-4},"2":{"Display":-3},"3":{"Display":-2},"4":{"Display":-1},"5":{"Display":0},"6":{"Display":1},"7":{"Display":2},"8":{"Display":3},"9":{"Display":4}},"QuestionText_Unsafe":"To what extent do you expect this mindfulness course to change how much you will be bothered by the follow problems?","DataExportTag":"exp_GAD","QuestionID":"QID25"}},{"SurveyID":"SV_eVD50YlnreqHPeu","Element":"SQ","PrimaryAttribute":"QID6","SecondaryAttribute":"We're now ready to do the first guided meditation, which can be found here:\u00a0 After you have finis..","TertiaryAttribute":null,"Payload":{"QuestionText":"<span style=\"font-size:16px;\"><span style=\"font-family:Arial,Helvetica,sans-serif;\"><span style=\"line-height: normal;\">We&#39;re now ready to do the first guided meditation, which can be found here:&nbsp;\n<audio class=\"qmedia\" controls=\"true\" height=\"40\" preload=\"auto\" width=\"320\"><source src=\"https:\/\/universityofsussex.eu.qualtrics.com\/CP\/File.php?F=F_0VRXFTu51zjJLWm\" type=\"audio\/mp3\" \/><\/audio>\n<\/span><\/span><\/span>\n\n<div>\n<div><span style=\"font-size:16px;\"><span style=\"font-family:Arial,Helvetica,sans-serif;\"><span style=\"line-height:normal\">After you have finished your practice, click &#39;continue&#39; for the final two questions. <b>Once you have completed today&#39;s survey, we will send you the second meditation session tomorrow morning.<\/b><\/span><\/span><\/span><\/div>\n<\/div>","DefaultChoices":false,"DataExportTag":"Q6","QuestionType":"DB","Selector":"TB","Configuration":{"QuestionDescriptionOption":"UseText"},"QuestionDescription":"We're now ready to do the first guided meditation, which can be found here:\u00a0 After you have finis...","ChoiceOrder":[],"Validation":{"Settings":{"Type":"None"}},"GradingData":[],"Language":[],"NextChoiceId":6,"NextAnswerId":1,"QuestionID":"QID6","DataVisibility":{"Private":false,"Hidden":false}}},{"SurveyID":"SV_eVD50YlnreqHPeu","Element":"SQ","PrimaryAttribute":"QID1","SecondaryAttribute":"What percentage of time out of the ten minutes were you focusing on the practice?","TertiaryAttribute":null,"Payload":{"QuestionText":"<span style=\"font-size:12.0pt;line-height:115%;\nfont-family:&quot;Times New Roman&quot;,serif;mso-fareast-font-family:&quot;Times New Roman&quot;;\nmso-ansi-language:EN-GB;mso-fareast-language:EN-GB;mso-bidi-language:AR-SA\">What\npercentage of time out of the ten minutes were you focusing on the practice?<\/span>","DefaultChoices":false,"DataExportTag":"focus","QuestionType":"Slider","Selector":"HSLIDER","Configuration":{"QuestionDescriptionOption":"UseText","CSSliderMin":0,"CSSliderMax":100,"GridLines":10,"SnapToGrid":false,"NumDecimals":"0","ShowValue":true,"CustomStart":true,"NotApplicable":false,"MobileFirst":true,"SliderStartPositions":{"1":0}},"QuestionDescription":"What percentage of time out of the ten minutes were you focusing on the practice?","Choices":{"1":{"Display":"Percentage of time (%)"}},"ChoiceOrder":[1],"Validation":{"Settings":{"ForceResponse":"ON","ForceResponseType":"ON","Type":"None"}},"GradingData":[],"Language":[],"NextChoiceId":2,"NextAnswerId":1,"Labels":[],"QuestionID":"QID1","DataVisibility":{"Private":false,"Hidden":false}}},{"SurveyID":"SV_eVD50YlnreqHPeu","Element":"OCAC","PrimaryAttribute":"OCAC_0tVh3MjPSyBrH3p","SecondaryAttribute":"OC_elr6CgHc2OfQYWK","TertiaryAttribute":"EmailSurvey","Payload":{"actionId":"OCAC_0tVh3MjPSyBrH3p","chainId":"CHAIN_2478R0ZMqEPaSAK","contact":{"libraryId":"UR_bEHDij0VutioWln","name":"Mindfulness","panelId":"ML_cTNrU3LFgmW6QfP","panelLibraryId":"UR_bEHDij0VutioWln","panelMailingListId":"ML_cTNrU3LFgmW6QfP"},"contextId":"SV_eVD50YlnreqHPeu","createdAt":1645528463118,"delay":{"count":1,"formattedTime":{"hours":7,"minutes":0,"seconds":0,"milliseconds":0},"time":"07:00","unit":{"label":"Days","value":"DAYS"},"userTimeZone":"GMT"},"delayType":"Custom","dependencies":[],"distributionMethod":{"label":"Email\/Embedded Data","value":"EMAIL"},"distributionType":{"label":"Contact List","value":"INDIVIDUAL"},"elementConfigured":true,"embeddedData":[],"eventType":"OnSurveyResponse","externalDataField":null,"firstNameField":"${m:\/\/FirstName}","isSurveySelected":true,"keyvalues":[{"key":"message","value":"<p>Thank you for completing yesterday\u2019s practice and survey!&nbsp;<\/p>\n\n<p>&nbsp;<\/p>\n\n<p>When practicing mindfulness you might feel restless. This is normal but we encourage you to commit to finishing the session. Acknowledge the urge to get up without judging or trying to change it, but bring your attention back to your breath (again and again if necessary), without giving yourself a hard time if possible. We would also like to encourage you to practice bringing mindful awareness to a routine activity at least once a day. The more you practice mindfulness makes a difference to the way you experience it.<\/p>\n\n<p>&nbsp;<\/p>\n\n<p>The second practice, and a question about your practice, can be found here: ${l:\/\/SurveyLink?d=Take the survey}<\/p>\n\n<p>&nbsp;<\/p>\n\n<p><i>Or copy and paste the URL below into your internet browser:<\/i><br \/>\n<i>${l:\/\/SurveyURL}<\/i><\/p>\n\n<p>I will send one reminder email after 2 days if the survey has not been completed by then. You are welcome to repeat today\u2019s practice as many times as you want, but don\u2019t attempt to go beyond it until tomorrows session. I will send another e-mail in response to your answer to the above questions.<br \/>\n<br \/>\nAlso feel free to tell me about any experiences you had, either during the sitting practice or during other daily activities.<br \/>\n<br \/>\n<b>If you have any questions please contact&nbsp;<i>mel29@sussex.ac.uk.<\/i><\/b><br \/>\n<br \/>\nThe Mindfulness research group<\/p>\n\n<p>&nbsp;<\/p>\n\n<p>Follow the link to opt out of future emails:<br \/>\n${l:\/\/OptOutLink?d=Click here to unsubscribe}<\/p>\n"},{"key":"subject","value":"Second Mindfulness Practice"},{"key":"fromName","value":"Max Lovell - The Mindfulness Research Group"},{"key":"replyTo","value":"max@qemailserver.com"},{"key":"l:\/\/SurveyURL","value":"${l:\/\/SurveyURL}"}],"languageField":null,"lastNameField":"${m:\/\/LastName}","linkType":{"label":"Individual","value":"INDIVIDUAL"},"message":{"expirationDays":4,"from":"max@qemailserver.com","fromName":"Max Lovell - The Mindfulness Research Group","messageHtml":"<p>Thank you for completing yesterday\u2019s practice and survey!&nbsp;<\/p>\n\n<p>&nbsp;<\/p>\n\n<p>When practicing mindfulness you might feel restless. This is normal but we encourage you to commit to finishing the session. Acknowledge the urge to get up without judging or trying to change it, but bring your attention back to your breath (again and again if necessary), without giving yourself a hard time if possible. We would also like to encourage you to practice bringing mindful awareness to a routine activity at least once a day. The more you practice mindfulness makes a difference to the way you experience it.<\/p>\n\n<p>&nbsp;<\/p>\n\n<p>The second practice, and a question about your practice, can be found here: ${l:\/\/SurveyLink?d=Take the survey}<\/p>\n\n<p>&nbsp;<\/p>\n\n<p><i>Or copy and paste the URL below into your internet browser:<\/i><br \/>\n<i>${l:\/\/SurveyURL}<\/i><\/p>\n\n<p>I will send one reminder email after 2 days if the survey has not been completed by then. You are welcome to repeat today\u2019s practice as many times as you want, but don\u2019t attempt to go beyond it until tomorrows session. I will send another e-mail in response to your answer to the above questions.<br \/>\n<br \/>\nAlso feel free to tell me about any experiences you had, either during the sitting practice or during other daily activities.<br \/>\n<br \/>\n<b>If you have any questions please contact&nbsp;<i>mel29@sussex.ac.uk.<\/i><\/b><br \/>\n<br \/>\nThe Mindfulness research group<\/p>\n\n<p>&nbsp;<\/p>\n\n<p>Follow the link to opt out of future emails:<br \/>\n${l:\/\/OptOutLink?d=Click here to unsubscribe}<\/p>\n","replyTo":"max@qemailserver.com","subject":"Second Mindfulness Practice"},"messageLib":[],"name":"Distribute Survey","outcomeId":"OC_elr6CgHc2OfQYWK","ownerObject":{"orgId":"universityofsussex","userId":"UR_bEHDij0VutioWln"},"reminder":{"delay":{"count":2,"formattedTime":{"hours":7,"minutes":0,"seconds":0,"milliseconds":0},"time":"07:00","unit":{"label":"Days","value":"DAYS"},"userTimeZone":"GMT"},"enabled":true,"message":{"libraryId":"UR_bEHDij0VutioWln","messageId":"MS_9MH020uLdzYQGQl","title":"Reminder D2","type":"MRE"},"subject":{"title":"Reminder: Second Mindfulness Practice"}},"saveEdDataAs":"CONTACT_ED","subTasks":[{"triggerAction":"Contact","chainId":"CHAIN_vIPgGEiX2YWXbKt","toEmail":"~{ch:\/\/CHAIN_2478R0ZMqEPaSAK\/toEmail}","phoneNumber":"~{ch:\/\/CHAIN_2478R0ZMqEPaSAK\/phoneNumber}","firstName":"~{ch:\/\/CHAIN_2478R0ZMqEPaSAK\/firstName}","lastName":"~{ch:\/\/CHAIN_2478R0ZMqEPaSAK\/lastName}","panelMailingListId":"~{ch:\/\/CHAIN_2478R0ZMqEPaSAK\/panelMailingListId}","panelLibraryId":"~{ch:\/\/CHAIN_2478R0ZMqEPaSAK\/panelLibraryId}","embeddedData":"~{ch:\/\/CHAIN_2478R0ZMqEPaSAK\/embeddedData}","externalData":"~{ch:\/\/CHAIN_2478R0ZMqEPaSAK\/externalData}","language":"~{ch:\/\/CHAIN_2478R0ZMqEPaSAK\/language}","saveEdDataAs":"~{ch:\/\/CHAIN_2478R0ZMqEPaSAK\/saveEdDataAs}","defaultDirectory":"~{ch:\/\/CHAIN_2478R0ZMqEPaSAK\/defaultDirectory}","recipientId":"~{ch:\/\/CHAIN_2478R0ZMqEPaSAK\/recipientId}","unsubscribed":"~{ch:\/\/CHAIN_2478R0ZMqEPaSAK\/unsubscribed}","dependencies":{"CHAIN_2478R0ZMqEPaSAK":["toEmail","firstName","lastName","panelMailingListId","panelLibraryId","embeddedData","externalData","language","saveEdDataAs","unsubscribed","recipientId"]},"ownerObject":{"orgId":"universityofsussex","userId":"UR_bEHDij0VutioWln"},"taskType":"EmailSurvey","outcomeId":"OC_elr6CgHc2OfQYWK"},{"triggerAction":"SurveyDistribution","chainId":"CHAIN_O9Jc3fvHLo3NrY2","from":"~{ch:\/\/CHAIN_2478R0ZMqEPaSAK\/from}","replyTo":"~{ch:\/\/CHAIN_2478R0ZMqEPaSAK\/replyTo}","fromName":"~{ch:\/\/CHAIN_2478R0ZMqEPaSAK\/fromName}","subject":"~{ch:\/\/CHAIN_2478R0ZMqEPaSAK\/subject}","messageHtml":"~{ch:\/\/CHAIN_2478R0ZMqEPaSAK\/messageHtml}","expirationDays":"~{ch:\/\/CHAIN_2478R0ZMqEPaSAK\/expirationDays}","toEmail":"~{ch:\/\/CHAIN_2478R0ZMqEPaSAK\/toEmail}","phoneNumber":"~{ch:\/\/CHAIN_2478R0ZMqEPaSAK\/phoneNumber}","sendDate":"~{ch:\/\/CHAIN_2478R0ZMqEPaSAK\/sendDate}","embeddedData":"~{ch:\/\/CHAIN_2478R0ZMqEPaSAK\/embeddedData}","toSurveyId":"~{ch:\/\/CHAIN_2478R0ZMqEPaSAK\/toSurveyId}","reminder":"~{ch:\/\/CHAIN_2478R0ZMqEPaSAK\/reminder}","type":"~{ch:\/\/CHAIN_2478R0ZMqEPaSAK\/type}","subjectLib":"~{ch:\/\/CHAIN_2478R0ZMqEPaSAK\/subjectLib}","messageLib":"~{ch:\/\/CHAIN_2478R0ZMqEPaSAK\/messageLib}","panelMailingListId":"~{ch:\/\/CHAIN_2478R0ZMqEPaSAK\/panelMailingListId}","panelLibraryId":"~{ch:\/\/CHAIN_2478R0ZMqEPaSAK\/panelLibraryId}","linkType":"~{ch:\/\/CHAIN_2478R0ZMqEPaSAK\/linkType}","pipedText":"~{ch:\/\/CHAIN_2478R0ZMqEPaSAK\/pipedText}","contactTransactionId":"~{ch:\/\/CHAIN_vIPgGEiX2YWXbKt\/contactTransactionId}","dependencies":{"CHAIN_2478R0ZMqEPaSAK":["from","fromName","subject","messageHtml","expirationDays","toEmail","embeddedData","toSurveyId","reminder","type","subjectLib","messageLib","panelMailingListId","panelLibraryId","linkType","pipedText"],"CHAIN_vIPgGEiX2YWXbKt":["panelMemberId"]},"ownerObject":{"orgId":"universityofsussex","userId":"UR_bEHDij0VutioWln"},"taskType":"EmailSurvey","panelMemberId":"~{ch:\/\/CHAIN_vIPgGEiX2YWXbKt\/panelMemberId}","outcomeId":"OC_elr6CgHc2OfQYWK"}],"subjectLib":[],"survey":{"label":"world_02_breath","value":"SV_8wWXdKWwB6PmRpQ"},"surveyId":"SV_eVD50YlnreqHPeu","taskName":"DISTRIBUTE","taskNumber":1,"taskRegistryId":"EmailSurvey","to":["${m:\/\/Email}"],"toEmailInput":"${m:\/\/Email}","toSurveyId":"SV_8wWXdKWwB6PmRpQ","translatedToAddresses":"${m:\/\/Email}","triggerAction":"EmailSurvey","updatedAt":1600183911592,"validEmail":true,"validPhone":true,"whenLabel":"Send After..."}},{"SurveyID":"SV_eVD50YlnreqHPeu","Element":"OCAC","PrimaryAttribute":"OCAC_4zfI8ygEml8rZEP","SecondaryAttribute":"OC_v24Eezq9ruYqDu0","TertiaryAttribute":"CDAPWorkerResponseExport","Payload":{"actionId":"OCAC_4zfI8ygEml8rZEP","contextId":"SV_eVD50YlnreqHPeu","elementConfigured":true,"jobName":"CDAPWorkerResponseExport","nameSpace":"CDAP","outcomeId":"OC_v24Eezq9ruYqDu0","payload":{"tasks":[{"bufferOverride":false,"exportAllResponses":false,"exportParameters":{"breakoutSets":false,"compress":false,"format":"csv","formatDecimalAsComma":false,"includeDisplayOrder":false,"timeZone":"Europe\/London","useLabels":false},"taskName":"responseexport"},{"taskName":"fileexport","transferParameters":{"credentialID":"CRED_XctjDPv4xFJF5rg","directory":"\/its\/home\/mel29\/breath\/qualtrics","fileNamePrefix":"breath_w1","source":"sftp"}},{"executeOnFailure":true,"subject":"Qualtrics Automation Summary","taskName":"sendemail","toEmail":"m.lovell@sussex.ac.uk","toName":"Qualtrics Automation User"}]},"status":"COMPLETED","taskRegistryId":"CDAPWorkerResponseExport","triggerAction":"CDAPWorkerResponseExport","triggerActionVersion":"1.0","type":"ResponseExport","workspaceId":"SV_eVD50YlnreqHPeu","workspaceType":"survey"}},{"SurveyID":"SV_eVD50YlnreqHPeu","Element":"TR","PrimaryAttribute":"OC_elr6CgHc2OfQYWK","SecondaryAttribute":null,"TertiaryAttribute":"OnSurveyResponse","Payload":{"Name":"w02b_email","EventType":"OnSurveyResponse","Type":"OnSurveyComplete","LogicV2":{"type":"always","children":[]},"EventData":{"fields":[]},"eventContext":{"operations":["CREATE"]},"branches":[],"loops":[],"elementConfigured":true,"disabled":false,"TriggerAction":"Outcome","logicCompleted":true,"unconfigured":false}},{"SurveyID":"SV_eVD50YlnreqHPeu","Element":"TR","PrimaryAttribute":"OC_v24Eezq9ruYqDu0","SecondaryAttribute":null,"TertiaryAttribute":"TimerEvent","Payload":{"AutomationType":"ResponseExport","EventData":{"fields":[{"name":"cron","value":"0 6 * * *"}]},"EventType":"TimerEvent","Name":"breath_w1_export","NameSpace":"CDAP","UseDaylightsSavings":true,"UserTimeZone":"Europe\/London","elementConfigured":true,"logicCompleted":true,"unconfigured":false}}]}