{"SurveyEntry":{"SurveyID":"SV_1Y1cpZndfWrXoEu","SurveyName":"materials_metacog","SurveyDescription":null,"SurveyOwnerID":"UR_bEHDij0VutioWln","SurveyBrandID":"universityofsussex","DivisionID":null,"SurveyLanguage":"EN-GB","SurveyActiveResponseSet":"RS_dgLEwpsrettWBxk","SurveyStatus":"Active","SurveyStartDate":"0000-00-00 00:00:00","SurveyExpirationDate":"0000-00-00 00:00:00","SurveyCreationDate":"2021-05-24 10:52:09","CreatorID":"UR_bEHDij0VutioWln","LastModified":"2023-10-08 14:49:26","LastAccessed":"0000-00-00 00:00:00","LastActivated":"2021-05-24 10:55:30","Deleted":null},"SurveyElements":[{"SurveyID":"SV_1Y1cpZndfWrXoEu","Element":"BL","PrimaryAttribute":"Survey Blocks","SecondaryAttribute":null,"TertiaryAttribute":null,"Payload":[{"Type":"Default","Description":"materials","ID":"BL_8zY9IFS9LdKLACW","BlockElements":[{"Type":"Question","QuestionID":"QID4"},{"Type":"Question","QuestionID":"QID7"},{"Type":"Question","QuestionID":"QID8"},{"Type":"Question","QuestionID":"QID5"},{"Type":"Question","QuestionID":"QID6"}]},{"Type":"Trash","Description":"Bin\/Unused Questions","ID":"BL_9Tw5K6035Sd429w","BlockElements":[{"Type":"Question","QuestionID":"QID3"},{"Type":"Question","QuestionID":"QID1"},{"Type":"Question","QuestionID":"QID2"}]}]},{"SurveyID":"SV_1Y1cpZndfWrXoEu","Element":"FL","PrimaryAttribute":"Survey Flow","SecondaryAttribute":null,"TertiaryAttribute":null,"Payload":{"Type":"Root","FlowID":"FL_1","Flow":[{"Type":"Block","ID":"BL_8zY9IFS9LdKLACW","FlowID":"FL_2","Autofill":[]}],"Properties":{"Count":6,"RemovedFieldsets":[]}}},{"SurveyID":"SV_1Y1cpZndfWrXoEu","Element":"PL","PrimaryAttribute":"Preview Link","SecondaryAttribute":null,"TertiaryAttribute":null,"Payload":{"PreviewType":"Brand","PreviewID":"d78c0d21-e199-493e-9aeb-7d0cb7695a1c"}},{"SurveyID":"SV_1Y1cpZndfWrXoEu","Element":"SO","PrimaryAttribute":"Survey Options","SecondaryAttribute":null,"TertiaryAttribute":null,"Payload":{"BackButton":"true","SaveAndContinue":"true","SurveyProtection":"PublicSurvey","BallotBoxStuffingPrevention":"false","NoIndex":"Yes","SecureResponseFiles":"true","SurveyExpiration":"None","SurveyTermination":"DefaultMessage","Header":"","Footer":"","ProgressBarDisplay":"None","PartialData":"+1 year","ValidationMessage":null,"PreviousButton":" \u2190 ","NextButton":" \u2192 ","SurveyTitle":"Qualtrics Survey | Qualtrics Experience Management","SkinLibrary":"universityofsussex","SkinType":"templated","Skin":{"brandingId":null,"templateId":"*2014","overrides":{"contrast":1,"font":{"family":"helvetica, arial, sans-serif"},"layout":{"spacing":0.5},"questionText":{"size":"21px"},"answerText":{"size":"18px"}}},"NewScoring":1,"SurveyName":"materials_metacog","EOSMessage":null,"ShowExportTags":"false","CollectGeoLocation":"false","SurveyMetaDescription":"Qualtrics sophisticated online survey software solutions make creating online surveys easy. Learn more about Research Suite and get a free account today.","PasswordProtection":"No","AnonymizeResponse":"No","RefererCheck":"No","UseCustomSurveyLinkCompletedMessage":null,"SurveyLinkCompletedMessage":null,"SurveyLinkCompletedMessageLibrary":null,"ResponseSummary":"No","EOSMessageLibrary":null,"EOSRedirectURL":null,"EmailThankYou":"false","ThankYouEmailMessageLibrary":null,"ThankYouEmailMessage":null,"ValidateMessage":"false","ValidationMessageLibrary":null,"InactiveSurvey":"DefaultMessage","PartialDeletion":null,"PartialDataCloseAfter":"LastActivity","InactiveMessageLibrary":null,"InactiveMessage":null,"AvailableLanguages":{"EN-GB":[]},"Password":"","CustomStyles":[],"ProtectSelectionIds":true}},{"SurveyID":"SV_1Y1cpZndfWrXoEu","Element":"SCO","PrimaryAttribute":"Scoring","SecondaryAttribute":null,"TertiaryAttribute":null,"Payload":{"ScoringCategories":[],"ScoringCategoryGroups":[],"ScoringSummaryCategory":null,"ScoringSummaryAfterQuestions":0,"ScoringSummaryAfterSurvey":0,"DefaultScoringCategory":null,"AutoScoringCategory":null}},{"SurveyID":"SV_1Y1cpZndfWrXoEu","Element":"PROJ","PrimaryAttribute":"CORE","SecondaryAttribute":null,"TertiaryAttribute":"1.1.0","Payload":{"ProjectCategory":"CORE","SchemaVersion":"1.1.0"}},{"SurveyID":"SV_1Y1cpZndfWrXoEu","Element":"STAT","PrimaryAttribute":"Survey Statistics","SecondaryAttribute":null,"TertiaryAttribute":null,"Payload":{"MobileCompatible":true,"ID":"Survey Statistics"}},{"SurveyID":"SV_1Y1cpZndfWrXoEu","Element":"SQ","PrimaryAttribute":"QID1","SecondaryAttribute":" ","TertiaryAttribute":null,"Payload":{"QuestionText":"<div>\n<div>\n<audio class=\"qmedia\" controls=\"true\" height=\"40\" preload=\"auto\" width=\"320\"><source src=\"https:\/\/universityofsussex.eu.qualtrics.com\/CP\/File.php?F=F_d6xcgkFKn2IPDAq\" type=\"audio\/mp3\" \/><\/audio>\n<\/div>\n<\/div>\n\n<div>\n<div>\n<audio class=\"qmedia\" controls=\"true\" height=\"40\" preload=\"auto\" width=\"320\"><source src=\"https:\/\/universityofsussex.eu.qualtrics.com\/CP\/File.php?F=F_d6xcgkFKn2IPDAq\" type=\"audio\/mp3\" \/><\/audio>\n<\/div>\n<\/div>\n\n<div>\n<div>\n<audio class=\"qmedia\" controls=\"true\" height=\"40\" preload=\"auto\" width=\"320\"><br \/>\n<source src=\"https:\/\/universityofsussex.eu.qualtrics.com\/CP\/File.php?F=F_cTIlO8SjvHWI9MO\" type=\"audio\/mp3\" \/><\/audio>\n<\/div>\n<\/div>","DefaultChoices":false,"DataExportTag":"MS","QuestionID":"QID1","QuestionType":"DB","Selector":"TB","Configuration":{"QuestionDescriptionOption":"UseText"},"QuestionDescription":" ","ChoiceOrder":[],"Validation":{"Settings":{"Type":"None"}},"GradingData":[],"Language":[],"NextChoiceId":8,"NextAnswerId":1,"DataVisibility":{"Private":false,"Hidden":false}}},{"SurveyID":"SV_1Y1cpZndfWrXoEu","Element":"QC","PrimaryAttribute":"Survey Question Count","SecondaryAttribute":"8","TertiaryAttribute":null,"Payload":null},{"SurveyID":"SV_1Y1cpZndfWrXoEu","Element":"SQ","PrimaryAttribute":"QID3","SecondaryAttribute":"Click to write the question text","TertiaryAttribute":null,"Payload":{"QuestionText":"Click to write the question text","DataExportTag":"Q3","QuestionType":"MC","Selector":"SAVR","SubSelector":"TX","Configuration":{"QuestionDescriptionOption":"UseText"},"QuestionDescription":"Click to write the question text","Choices":{"1":{"Display":"Click to write Choice 1"},"2":{"Display":"Click to write Choice 2"},"3":{"Display":"Click to write Choice 3"}},"ChoiceOrder":["1","2","3"],"Validation":{"Settings":{"ForceResponse":"OFF","Type":"None"}},"Language":[],"NextChoiceId":4,"NextAnswerId":1,"QuestionID":"QID3"}},{"SurveyID":"SV_1Y1cpZndfWrXoEu","Element":"RS","PrimaryAttribute":"RS_dgLEwpsrettWBxk","SecondaryAttribute":"Default Response Set","TertiaryAttribute":null,"Payload":null},{"SurveyID":"SV_1Y1cpZndfWrXoEu","Element":"SQ","PrimaryAttribute":"QID6","SecondaryAttribute":"Enter your email if you'd like a reply: (optional)","TertiaryAttribute":null,"Payload":{"QuestionText":"Enter your email if you'd like a reply: (optional)","DefaultChoices":false,"DataExportTag":"email","QuestionID":"QID6","QuestionType":"TE","Selector":"SL","Configuration":{"QuestionDescriptionOption":"UseText"},"QuestionDescription":"Enter your email if you'd like a reply: (optional)","Validation":{"Settings":{"ForceResponse":"OFF","Type":"ContentType","MinChars":"1","ContentType":"ValidEmail","ValidDateType":"DateWithFormat","ValidPhoneType":"ValidUSPhone","ValidZipType":"ValidUSZip","ValidNumber":{"Min":"","Max":"","NumDecimals":""}}},"GradingData":[],"Language":[],"NextChoiceId":4,"NextAnswerId":1,"SearchSource":{"AllowFreeResponse":"false"}}},{"SurveyID":"SV_1Y1cpZndfWrXoEu","Element":"SQ","PrimaryAttribute":"QID5","SecondaryAttribute":"Feedback (or anything else):","TertiaryAttribute":null,"Payload":{"QuestionText":"Feedback (or anything else):","DefaultChoices":false,"DataExportTag":"feedback","QuestionID":"QID5","QuestionType":"TE","Selector":"ESTB","Configuration":{"QuestionDescriptionOption":"UseText"},"QuestionDescription":"Feedback (or anything else):","Validation":{"Settings":{"ForceResponse":"OFF","Type":"None"}},"GradingData":[],"Language":[],"NextChoiceId":4,"NextAnswerId":1,"SearchSource":{"AllowFreeResponse":"false"}}},{"SurveyID":"SV_1Y1cpZndfWrXoEu","Element":"SQ","PrimaryAttribute":"QID4","SecondaryAttribute":"I'd like to give anyone coming to this page big thanks for taking the time to do the course, espe...","TertiaryAttribute":null,"Payload":{"QuestionText":"<div style=\"text-align: center;\"><em>I'd like to give anyone coming to this page big thanks for taking the time to do the course, especially if you were in the wait list group and didn't actually get to try meditating!<br>\n<br>\nBelow you can find all of the audio recordings used in the study, which you can do at your own leisure - the page will stay open.<br>\nSo we can keep collecting data, please don't pass the URL of this page to anyone who hasn't yet completed the study.<br>\n<br>\nMeditation is a broad group of practices - if you don't get anything out of the recordings from this study, you might still find something that works for you somewhere else!<br>\n<br>\nIf you'd like to a copy of the paper you contributed to (once it's published) or any more information on mindfulness and meditation you can contact me at m.lovell@sussex.ac.uk.<br>\n<br>\nAll the best,<br>\n<br>\nMax<\/em><br>\n<br>\n<em>(P.S. there's a feedback form at the bottom of the page if you've got any thoughts about the study or meditations you'd like to pass on. I'd love to hear from anyone that tries meditations they didn't get as part of the study.)<\/em><\/div>","DefaultChoices":false,"DataExportTag":"thanks","QuestionID":"QID4","QuestionType":"DB","Selector":"TB","Configuration":{"QuestionDescriptionOption":"UseText"},"QuestionDescription":"I'd like to give anyone coming to this page big thanks for taking the time to do the course, espe...","ChoiceOrder":[],"Validation":{"Settings":{"Type":"None"}},"GradingData":[],"Language":[],"NextChoiceId":4,"NextAnswerId":1,"DataVisibility":{"Private":false,"Hidden":false}}},{"SurveyID":"SV_1Y1cpZndfWrXoEu","Element":"SQ","PrimaryAttribute":"QID7","SecondaryAttribute":"Mindfulness of Mental States course \u00a0 In this course you will be focusing on your thoughts, feeli..","TertiaryAttribute":null,"Payload":{"QuestionText":"<b><u>Mindfulness of Mental States course<\/u><\/b>\n<div>&nbsp;<\/div>\n\n<div>In this course you will be focusing on your thoughts, feelings, and different aspects of mindfulness in a way which evolves with each day. This course is based heavily on the ancient Satipa\u1e6d\u1e6dh\u0101na Sutta, a translation of which you find on page 3 here: https:\/\/ahandfulofleaves.files.wordpress.com\/2013\/04\/satipatthana_direct-path_analayo_free-distribution-copy2.pdf\n<div><br \/>\nDay 1:&nbsp;&nbsp;\n<audio class=\"qmedia\" controls=\"true\" height=\"40\" preload=\"auto\" width=\"320\"><source src=\"https:\/\/universityofsussex.eu.qualtrics.com\/CP\/File.php?F=F_8w6rq961u0QRDRs\" type=\"audio\/mp3\" \/><embed class=\"qmedia\" flashconsts=\"file=https:\/\/universityofsussex.eu.qualtrics.com\/CP\/File.php?F=F_8w6rq961u0QRDRs&amp;width=320&amp;height=20&amp;type=mp3&amp;autostart=false\" height=\"20\" pluginspage=\"http:\/\/adobe.com\/flashplayer\/\" src=\"\/WRQualtricsShared\/Flash\/flvplayer.swf\" type=\"application\/x-shockwave-flash\" width=\"320\" wmode=\"transparent\" \/><\/audio>\n<br \/>\n<br \/>\nDay 2:&nbsp;&nbsp;\n<audio class=\"qmedia\" controls=\"true\" height=\"40\" preload=\"auto\" width=\"320\"><source src=\"https:\/\/universityofsussex.eu.qualtrics.com\/CP\/File.php?F=F_bsfrJLxMaoTk7Mq\" type=\"audio\/mp3\" \/><embed class=\"qmedia\" flashconsts=\"file=https:\/\/universityofsussex.eu.qualtrics.com\/CP\/File.php?F=F_bsfrJLxMaoTk7Mq&amp;width=320&amp;height=20&amp;type=mp3&amp;autostart=false\" height=\"20\" pluginspage=\"http:\/\/adobe.com\/flashplayer\/\" src=\"\/WRQualtricsShared\/Flash\/flvplayer.swf\" type=\"application\/x-shockwave-flash\" width=\"320\" wmode=\"transparent\" \/><\/audio>\n<br \/>\n<br \/>\nDay 3:&nbsp;&nbsp;\n<audio class=\"qmedia\" controls=\"true\" height=\"40\" preload=\"auto\" width=\"320\"><source src=\"https:\/\/universityofsussex.eu.qualtrics.com\/CP\/File.php?F=F_eRjedslL05rTSTA\" type=\"audio\/mp3\" \/><embed class=\"qmedia\" flashconsts=\"file=https:\/\/universityofsussex.eu.qualtrics.com\/CP\/File.php?F=F_eRjedslL05rTSTA&amp;width=320&amp;height=20&amp;type=mp3&amp;autostart=false\" height=\"20\" pluginspage=\"http:\/\/adobe.com\/flashplayer\/\" src=\"\/WRQualtricsShared\/Flash\/flvplayer.swf\" type=\"application\/x-shockwave-flash\" width=\"320\" wmode=\"transparent\" \/><\/audio>\n<br \/>\n<br \/>\nDay 4:&nbsp;&nbsp;\n<audio class=\"qmedia\" controls=\"true\" height=\"40\" preload=\"auto\" width=\"320\"><source src=\"https:\/\/universityofsussex.eu.qualtrics.com\/CP\/File.php?F=F_a94SsM1J9wrd1FI\" type=\"audio\/mp3\" \/><embed class=\"qmedia\" flashconsts=\"file=https:\/\/universityofsussex.eu.qualtrics.com\/CP\/File.php?F=F_a94SsM1J9wrd1FI&amp;width=320&amp;height=20&amp;type=mp3&amp;autostart=false\" height=\"20\" pluginspage=\"http:\/\/adobe.com\/flashplayer\/\" src=\"\/WRQualtricsShared\/Flash\/flvplayer.swf\" type=\"application\/x-shockwave-flash\" width=\"320\" wmode=\"transparent\" \/><\/audio>\n<br \/>\n<br \/>\nDay 5:&nbsp;&nbsp;\n<audio class=\"qmedia\" controls=\"true\" height=\"40\" preload=\"auto\" width=\"320\"><source src=\"https:\/\/universityofsussex.eu.qualtrics.com\/CP\/File.php?F=F_dbXHwaYuo8AwIpE\" type=\"audio\/mp3\" \/><embed class=\"qmedia\" flashconsts=\"file=https:\/\/universityofsussex.eu.qualtrics.com\/CP\/File.php?F=F_dbXHwaYuo8AwIpE&amp;width=320&amp;height=20&amp;type=mp3&amp;autostart=false\" height=\"20\" pluginspage=\"http:\/\/adobe.com\/flashplayer\/\" src=\"\/WRQualtricsShared\/Flash\/flvplayer.swf\" type=\"application\/x-shockwave-flash\" width=\"320\" wmode=\"transparent\" \/><\/audio>\n<br \/>\n<br \/>\nDay 6:&nbsp;&nbsp;\n<audio class=\"qmedia\" controls=\"true\" height=\"40\" preload=\"auto\" width=\"320\"><source src=\"https:\/\/universityofsussex.eu.qualtrics.com\/CP\/File.php?F=F_0BrVLn1mrqqlKwS\" type=\"audio\/mp3\" \/><embed class=\"qmedia\" flashconsts=\"file=https:\/\/universityofsussex.eu.qualtrics.com\/CP\/File.php?F=F_0BrVLn1mrqqlKwS&amp;width=320&amp;height=20&amp;type=mp3&amp;autostart=false\" height=\"20\" pluginspage=\"http:\/\/adobe.com\/flashplayer\/\" src=\"\/WRQualtricsShared\/Flash\/flvplayer.swf\" type=\"application\/x-shockwave-flash\" width=\"320\" wmode=\"transparent\" \/><\/audio>\n<br \/>\n<br \/>\nDay 7:&nbsp;&nbsp;\n<audio class=\"qmedia\" controls=\"true\" height=\"40\" preload=\"auto\" width=\"320\"><source src=\"https:\/\/universityofsussex.eu.qualtrics.com\/CP\/File.php?F=F_1zic42igSBGpe0S\" type=\"audio\/mp3\" \/><embed class=\"qmedia\" flashconsts=\"file=https:\/\/universityofsussex.eu.qualtrics.com\/CP\/File.php?F=F_1zic42igSBGpe0S&amp;width=320&amp;height=20&amp;type=mp3&amp;autostart=false\" height=\"20\" pluginspage=\"http:\/\/adobe.com\/flashplayer\/\" src=\"\/WRQualtricsShared\/Flash\/flvplayer.swf\" type=\"application\/x-shockwave-flash\" width=\"320\" wmode=\"transparent\" \/><\/audio>\n<br \/>\n<br \/>\nDay 8:&nbsp;&nbsp;\n<audio class=\"qmedia\" controls=\"true\" height=\"40\" preload=\"auto\" width=\"320\"><source src=\"https:\/\/universityofsussex.eu.qualtrics.com\/CP\/File.php?F=F_8BvWeCrLTLfljG6\" type=\"audio\/mp3\" \/><embed class=\"qmedia\" flashconsts=\"file=https:\/\/universityofsussex.eu.qualtrics.com\/CP\/File.php?F=F_8BvWeCrLTLfljG6&amp;width=320&amp;height=20&amp;type=mp3&amp;autostart=false\" height=\"20\" pluginspage=\"http:\/\/adobe.com\/flashplayer\/\" src=\"\/WRQualtricsShared\/Flash\/flvplayer.swf\" type=\"application\/x-shockwave-flash\" width=\"320\" wmode=\"transparent\" \/><\/audio>\n<br \/>\n<br \/>\nDay 9:&nbsp;&nbsp;\n<audio class=\"qmedia\" controls=\"true\" height=\"40\" preload=\"auto\" width=\"320\"><source src=\"https:\/\/universityofsussex.eu.qualtrics.com\/CP\/File.php?F=F_9v2luv1qceKQda6\" type=\"audio\/mp3\" \/><embed class=\"qmedia\" flashconsts=\"file=https:\/\/universityofsussex.eu.qualtrics.com\/CP\/File.php?F=F_9v2luv1qceKQda6&amp;width=320&amp;height=20&amp;type=mp3&amp;autostart=false\" height=\"20\" pluginspage=\"http:\/\/adobe.com\/flashplayer\/\" src=\"\/WRQualtricsShared\/Flash\/flvplayer.swf\" type=\"application\/x-shockwave-flash\" width=\"320\" wmode=\"transparent\" \/><\/audio>\n<br \/>\n<br \/>\nDay 10:&nbsp;\n<audio class=\"qmedia\" controls=\"true\" height=\"40\" preload=\"auto\" width=\"320\"><source src=\"https:\/\/universityofsussex.eu.qualtrics.com\/CP\/File.php?F=F_0HsVYcHVjZK1ZA2\" type=\"audio\/mp3\" \/><embed class=\"qmedia\" flashconsts=\"file=https:\/\/universityofsussex.eu.qualtrics.com\/CP\/File.php?F=F_0HsVYcHVjZK1ZA2&amp;width=320&amp;height=20&amp;type=mp3&amp;autostart=false\" height=\"20\" pluginspage=\"http:\/\/adobe.com\/flashplayer\/\" src=\"\/WRQualtricsShared\/Flash\/flvplayer.swf\" type=\"application\/x-shockwave-flash\" width=\"320\" wmode=\"transparent\" \/><\/audio>\n<\/div>\n<\/div>","DefaultChoices":false,"DataExportTag":"MS","QuestionID":"QID7","QuestionType":"DB","Selector":"TB","Configuration":{"QuestionDescriptionOption":"UseText"},"QuestionDescription":"Mindfulness of Mental States course \u00a0 In this course you will be focusing on your thoughts, feeli...","ChoiceOrder":[],"Validation":{"Settings":{"Type":"None"}},"GradingData":[],"Language":[],"NextChoiceId":4,"NextAnswerId":1}},{"SurveyID":"SV_1Y1cpZndfWrXoEu","Element":"SQ","PrimaryAttribute":"QID2","SecondaryAttribute":"Mindfulness of the World course \u00a0 In this course you will be meditating on the world outside you...","TertiaryAttribute":null,"Payload":{"QuestionText":"<div>\n<div><b><u>Mindfulness of the World course<\/u><\/b><\/div>\n\n<div>&nbsp;<\/div>\n\n<div>In this course you will be meditating on the world outside you - on the things you can hear, see, touch, taste, and smell, for example.<\/div>\n\n<div>&nbsp;<\/div>\n\n<div>Day 1:&nbsp;\n<audio class=\"qmedia\" controls=\"true\" height=\"40\" preload=\"auto\" width=\"320\"><source src=\"https:\/\/universityofsussex.eu.qualtrics.com\/CP\/File.php?F=F_bPJAqMeZd4LbU57\" type=\"audio\/mp3\" \/><\/audio>\n<\/div>\n\n<div>&nbsp;<\/div>\n\n<div>Day 2:&nbsp;\n<audio class=\"qmedia\" controls=\"true\" height=\"40\" preload=\"auto\" width=\"320\"><source src=\"https:\/\/universityofsussex.eu.qualtrics.com\/CP\/File.php?F=F_e5027ATooVmeWOx\" type=\"audio\/mp3\" \/><\/audio>\n<\/div>\n\n<div>&nbsp;<\/div>\n\n<div>Day 3:&nbsp;\n<audio class=\"qmedia\" controls=\"true\" height=\"40\" preload=\"auto\" width=\"320\"><source src=\"https:\/\/universityofsussex.eu.qualtrics.com\/CP\/File.php?F=F_8fdNV268uaP1wBn\" type=\"audio\/mp3\" \/><\/audio>\n<\/div>\n\n<div>&nbsp;<\/div>\n\n<div>Day 4:&nbsp;\n<audio class=\"qmedia\" controls=\"true\" height=\"40\" preload=\"auto\" width=\"320\"><source src=\"https:\/\/universityofsussex.eu.qualtrics.com\/CP\/File.php?F=F_eIGCXLDp6ElUJvL\" type=\"audio\/mp3\" \/><\/audio>\n<\/div>\n\n<div>&nbsp;<\/div>\n\n<div>Day 5:&nbsp;\n<audio class=\"qmedia\" controls=\"true\" height=\"40\" preload=\"auto\" width=\"320\"><source src=\"https:\/\/universityofsussex.eu.qualtrics.com\/CP\/File.php?F=F_9KN5F1UCsVpPGmx\" type=\"audio\/mp3\" \/><\/audio>\n<\/div>\n\n<div>&nbsp;<\/div>\n\n<div>Day 6:&nbsp;\n<audio class=\"qmedia\" controls=\"true\" height=\"40\" preload=\"auto\" width=\"320\"><source src=\"https:\/\/universityofsussex.eu.qualtrics.com\/CP\/File.php?F=F_bg54vTQC2wn6tnL\" type=\"audio\/mp3\" \/><\/audio>\n<\/div>\n\n<div>&nbsp;<\/div>\n\n<div>Day 7:&nbsp;\n<audio class=\"qmedia\" controls=\"true\" height=\"40\" preload=\"auto\" width=\"320\"><source src=\"https:\/\/universityofsussex.eu.qualtrics.com\/CP\/File.php?F=F_1BuIFLiK3kKgfS5\" type=\"audio\/mp3\" \/><\/audio>\n<\/div>\n\n<div>&nbsp;<\/div>\n\n<div>Day 8:&nbsp;\n<audio class=\"qmedia\" controls=\"true\" height=\"40\" preload=\"auto\" width=\"320\"><source src=\"https:\/\/universityofsussex.eu.qualtrics.com\/CP\/File.php?F=F_byeIy6CkYe9AQa9\" type=\"audio\/mp3\" \/><\/audio>\n<\/div>\n\n<div>&nbsp;<\/div>\n\n<div>Day 9:&nbsp;\n<audio class=\"qmedia\" controls=\"true\" height=\"40\" preload=\"auto\" width=\"320\"><source src=\"https:\/\/universityofsussex.eu.qualtrics.com\/CP\/File.php?F=F_20mcPtrY2dcqHHf\" type=\"audio\/mp3\" \/><\/audio>\n<\/div>\n\n<div>&nbsp;<\/div>\n\n<div>Day 10:&nbsp;<\/div>\n<\/div>\n\n<div>\n<audio class=\"qmedia\" controls=\"true\" height=\"40\" preload=\"auto\" width=\"320\"><source src=\"https:\/\/universityofsussex.eu.qualtrics.com\/CP\/File.php?F=F_d6x6AYENk7eKmiN\" type=\"audio\/mp3\" \/><\/audio>\n<\/div>","DefaultChoices":false,"DataExportTag":"W","QuestionType":"DB","Selector":"TB","Configuration":{"QuestionDescriptionOption":"UseText"},"QuestionDescription":"Mindfulness of the World course \u00a0 In this course you will be meditating on the world outside you...","ChoiceOrder":[],"Validation":{"Settings":{"Type":"None"}},"GradingData":[],"Language":[],"NextChoiceId":4,"NextAnswerId":1,"QuestionID":"QID2","DataVisibility":{"Private":false,"Hidden":false}}},{"SurveyID":"SV_1Y1cpZndfWrXoEu","Element":"SQ","PrimaryAttribute":"QID8","SecondaryAttribute":"Mindfulness of the World course \u00a0 In this course you will be meditating on the world outside you...","TertiaryAttribute":null,"Payload":{"QuestionText":"<div><b><u>Mindfulness of the World course<\/u><\/b><\/div>\n\n<div>&nbsp;<\/div>\n\n<div>In this course you will be meditating on the world outside you - on the things you can hear, see, touch, taste, and smell, for example.<\/div>\n\n<div>&nbsp;<\/div>\n\n<div>Day 1:&nbsp;&nbsp;\n<audio class=\"qmedia\" controls=\"true\" height=\"40\" preload=\"auto\" width=\"320\"><source src=\"https:\/\/universityofsussex.eu.qualtrics.com\/CP\/File.php?F=F_6sv8sG7vA2qmgIe\" type=\"audio\/mp3\" \/><embed class=\"qmedia\" flashconsts=\"file=https:\/\/universityofsussex.eu.qualtrics.com\/CP\/File.php?F=F_6sv8sG7vA2qmgIe&amp;width=320&amp;height=20&amp;type=mp3&amp;autostart=false\" height=\"20\" pluginspage=\"http:\/\/adobe.com\/flashplayer\/\" src=\"\/WRQualtricsShared\/Flash\/flvplayer.swf\" type=\"application\/x-shockwave-flash\" width=\"320\" wmode=\"transparent\" \/><\/audio>\n<\/div>\n\n<div>&nbsp;<\/div>\n\n<div>Day 2:&nbsp;&nbsp;\n<audio class=\"qmedia\" controls=\"true\" height=\"40\" preload=\"auto\" width=\"320\"><source src=\"https:\/\/universityofsussex.eu.qualtrics.com\/CP\/File.php?F=F_3xUCsqySXhPSGP4\" type=\"audio\/mp3\" \/><embed class=\"qmedia\" flashconsts=\"file=https:\/\/universityofsussex.eu.qualtrics.com\/CP\/File.php?F=F_3xUCsqySXhPSGP4&amp;width=320&amp;height=20&amp;type=mp3&amp;autostart=false\" height=\"20\" pluginspage=\"http:\/\/adobe.com\/flashplayer\/\" src=\"\/WRQualtricsShared\/Flash\/flvplayer.swf\" type=\"application\/x-shockwave-flash\" width=\"320\" wmode=\"transparent\" \/><\/audio>\n<\/div>\n\n<div>&nbsp;<\/div>\n\n<div>Day 3:&nbsp;&nbsp;\n<audio class=\"qmedia\" controls=\"true\" height=\"40\" preload=\"auto\" width=\"320\"><source src=\"https:\/\/universityofsussex.eu.qualtrics.com\/CP\/File.php?F=F_6KXlVZmAJPnVaaa\" type=\"audio\/mp3\" \/><embed class=\"qmedia\" flashconsts=\"file=https:\/\/universityofsussex.eu.qualtrics.com\/CP\/File.php?F=F_6KXlVZmAJPnVaaa&amp;width=320&amp;height=20&amp;type=mp3&amp;autostart=false\" height=\"20\" pluginspage=\"http:\/\/adobe.com\/flashplayer\/\" src=\"\/WRQualtricsShared\/Flash\/flvplayer.swf\" type=\"application\/x-shockwave-flash\" width=\"320\" wmode=\"transparent\" \/><\/audio>\n<\/div>\n\n<div>&nbsp;<\/div>\n\n<div>Day 4:&nbsp;&nbsp;\n<audio class=\"qmedia\" controls=\"true\" height=\"40\" preload=\"auto\" width=\"320\"><source src=\"https:\/\/universityofsussex.eu.qualtrics.com\/CP\/File.php?F=F_bQHpy57vF4cciy2\" type=\"audio\/mp3\" \/><embed class=\"qmedia\" flashconsts=\"file=https:\/\/universityofsussex.eu.qualtrics.com\/CP\/File.php?F=F_bQHpy57vF4cciy2&amp;width=320&amp;height=20&amp;type=mp3&amp;autostart=false\" height=\"20\" pluginspage=\"http:\/\/adobe.com\/flashplayer\/\" src=\"\/WRQualtricsShared\/Flash\/flvplayer.swf\" type=\"application\/x-shockwave-flash\" width=\"320\" wmode=\"transparent\" \/><\/audio>\n<\/div>\n\n<div>&nbsp;<\/div>\n\n<div>Day 5:&nbsp;&nbsp;\n<audio class=\"qmedia\" controls=\"true\" height=\"40\" preload=\"auto\" width=\"320\"><source src=\"https:\/\/universityofsussex.eu.qualtrics.com\/CP\/File.php?F=F_1Lzb2zO6gHQu1dc\" type=\"audio\/mp3\" \/><embed class=\"qmedia\" flashconsts=\"file=https:\/\/universityofsussex.eu.qualtrics.com\/CP\/File.php?F=F_1Lzb2zO6gHQu1dc&amp;width=320&amp;height=20&amp;type=mp3&amp;autostart=false\" height=\"20\" pluginspage=\"http:\/\/adobe.com\/flashplayer\/\" src=\"\/WRQualtricsShared\/Flash\/flvplayer.swf\" type=\"application\/x-shockwave-flash\" width=\"320\" wmode=\"transparent\" \/><\/audio>\n<\/div>\n\n<div>&nbsp;<\/div>\n\n<div>Day 6:&nbsp;&nbsp;\n<audio class=\"qmedia\" controls=\"true\" height=\"40\" preload=\"auto\" width=\"320\"><source src=\"https:\/\/universityofsussex.eu.qualtrics.com\/CP\/File.php?F=F_0TBL9fbF55raUAe\" type=\"audio\/mp3\" \/><embed class=\"qmedia\" flashconsts=\"file=https:\/\/universityofsussex.eu.qualtrics.com\/CP\/File.php?F=F_0TBL9fbF55raUAe&amp;width=320&amp;height=20&amp;type=mp3&amp;autostart=false\" height=\"20\" pluginspage=\"http:\/\/adobe.com\/flashplayer\/\" src=\"\/WRQualtricsShared\/Flash\/flvplayer.swf\" type=\"application\/x-shockwave-flash\" width=\"320\" wmode=\"transparent\" \/><\/audio>\n<\/div>\n\n<div>&nbsp;<\/div>\n\n<div>Day 7:&nbsp;&nbsp;\n<audio class=\"qmedia\" controls=\"true\" height=\"40\" preload=\"auto\" width=\"320\"><source src=\"https:\/\/universityofsussex.eu.qualtrics.com\/CP\/File.php?F=F_dc1bnCS1AeR0qfc\" type=\"audio\/mp3\" \/><embed class=\"qmedia\" flashconsts=\"file=https:\/\/universityofsussex.eu.qualtrics.com\/CP\/File.php?F=F_dc1bnCS1AeR0qfc&amp;width=320&amp;height=20&amp;type=mp3&amp;autostart=false\" height=\"20\" pluginspage=\"http:\/\/adobe.com\/flashplayer\/\" src=\"\/WRQualtricsShared\/Flash\/flvplayer.swf\" type=\"application\/x-shockwave-flash\" width=\"320\" wmode=\"transparent\" \/><\/audio>\n<\/div>\n\n<div>&nbsp;<\/div>\n\n<div>Day 8:&nbsp;&nbsp;\n<audio class=\"qmedia\" controls=\"true\" height=\"40\" preload=\"auto\" width=\"320\"><source src=\"https:\/\/universityofsussex.eu.qualtrics.com\/CP\/File.php?F=F_9ENdOWSz7GPJKDQ\" type=\"audio\/mp3\" \/><embed class=\"qmedia\" flashconsts=\"file=https:\/\/universityofsussex.eu.qualtrics.com\/CP\/File.php?F=F_9ENdOWSz7GPJKDQ&amp;width=320&amp;height=20&amp;type=mp3&amp;autostart=false\" height=\"20\" pluginspage=\"http:\/\/adobe.com\/flashplayer\/\" src=\"\/WRQualtricsShared\/Flash\/flvplayer.swf\" type=\"application\/x-shockwave-flash\" width=\"320\" wmode=\"transparent\" \/><\/audio>\n<\/div>\n\n<div>&nbsp;<\/div>\n\n<div>Day 9:&nbsp;\n<audio class=\"qmedia\" controls=\"true\" height=\"40\" preload=\"auto\" width=\"320\"><source src=\"https:\/\/universityofsussex.eu.qualtrics.com\/CP\/File.php?F=F_5BeFZbmoG54xrQa\" type=\"audio\/mp3\" \/><embed class=\"qmedia\" flashconsts=\"file=https:\/\/universityofsussex.eu.qualtrics.com\/CP\/File.php?F=F_5BeFZbmoG54xrQa&amp;width=320&amp;height=20&amp;type=mp3&amp;autostart=false\" height=\"20\" pluginspage=\"http:\/\/adobe.com\/flashplayer\/\" src=\"\/WRQualtricsShared\/Flash\/flvplayer.swf\" type=\"application\/x-shockwave-flash\" width=\"320\" wmode=\"transparent\" \/><\/audio>\n<\/div>\n\n<div>&nbsp;<\/div>\n\n<div>Day 10:&nbsp;\n<audio class=\"qmedia\" controls=\"true\" height=\"40\" preload=\"auto\" width=\"320\"><source src=\"https:\/\/universityofsussex.eu.qualtrics.com\/CP\/File.php?F=F_2nvo56fLmxibbq6\" type=\"audio\/mp3\" \/><embed class=\"qmedia\" flashconsts=\"file=https:\/\/universityofsussex.eu.qualtrics.com\/CP\/File.php?F=F_2nvo56fLmxibbq6&amp;width=320&amp;height=20&amp;type=mp3&amp;autostart=false\" height=\"20\" pluginspage=\"http:\/\/adobe.com\/flashplayer\/\" src=\"\/WRQualtricsShared\/Flash\/flvplayer.swf\" type=\"application\/x-shockwave-flash\" width=\"320\" wmode=\"transparent\" \/><\/audio>\n<\/div>","DefaultChoices":false,"DataExportTag":"W","QuestionID":"QID8","QuestionType":"DB","Selector":"TB","Configuration":{"QuestionDescriptionOption":"UseText"},"QuestionDescription":"Mindfulness of the World course \u00a0 In this course you will be meditating on the world outside you...","ChoiceOrder":[],"Validation":{"Settings":{"Type":"None"}},"GradingData":[],"Language":[],"NextChoiceId":4,"NextAnswerId":1}}]}